// !$*UTF8*$!
{
	archiveVersion = 1;
	classes = {
	};
	objectVersion = 56;
	objects = {

/* Begin PBXBuildFile section */
		B73A2FDE29494E86002C08C9 /* AppCoordinator.swift in Sources */ = {isa = PBXBuildFile; fileRef = B73A2FDD29494E86002C08C9 /* AppCoordinator.swift */; };
		B73A2FE0294953DA002C08C9 /* TabCoordinator.swift in Sources */ = {isa = PBXBuildFile; fileRef = B73A2FDF294953DA002C08C9 /* TabCoordinator.swift */; };
		B7472A7129843DFD0043751A /* AdSupport.framework in Frameworks */ = {isa = PBXBuildFile; fileRef = B7472A7029843DFD0043751A /* AdSupport.framework */; };
		B7524B48295368890010FFDE /* AppCoordinator.swift in Sources */ = {isa = PBXBuildFile; fileRef = B73A2FDD29494E86002C08C9 /* AppCoordinator.swift */; };
		B7524B49295368890010FFDE /* AppDelegate.swift in Sources */ = {isa = PBXBuildFile; fileRef = B796F9A52948BCDE00910A0A /* AppDelegate.swift */; };
		B7524B4A295368890010FFDE /* MainCompositionRoot.swift in Sources */ = {isa = PBXBuildFile; fileRef = B7C22685294F7D4F00971ECC /* MainCompositionRoot.swift */; };
		B7524B4B295368890010FFDE /* TabCoordinator.swift in Sources */ = {isa = PBXBuildFile; fileRef = B73A2FDF294953DA002C08C9 /* TabCoordinator.swift */; };
		B7524B4C295368890010FFDE /* SceneDelegate.swift in Sources */ = {isa = PBXBuildFile; fileRef = B796F9A72948BCDE00910A0A /* SceneDelegate.swift */; };
		B7524B4E295368890010FFDE /* Shared.framework in Frameworks */ = {isa = PBXBuildFile; fileRef = B796FA3D2949015500910A0A /* Shared.framework */; };
		B7524B4F295368890010FFDE /* Menu.framework in Frameworks */ = {isa = PBXBuildFile; fileRef = B796FA442949015F00910A0A /* Menu.framework */; };
		B7524B50295368890010FFDE /* Home.framework in Frameworks */ = {isa = PBXBuildFile; fileRef = B796FA412949015A00910A0A /* Home.framework */; };
		B7524B53295368890010FFDE /* LaunchScreen.storyboard in Resources */ = {isa = PBXBuildFile; fileRef = B796F9B02948BCE000910A0A /* LaunchScreen.storyboard */; };
		B7524B54295368890010FFDE /* Assets.xcassets in Resources */ = {isa = PBXBuildFile; fileRef = B796F9AE2948BCE000910A0A /* Assets.xcassets */; };
		B7524B56295368890010FFDE /* Shared.framework in Embed Frameworks */ = {isa = PBXBuildFile; fileRef = B796FA3D2949015500910A0A /* Shared.framework */; settings = {ATTRIBUTES = (CodeSignOnCopy, RemoveHeadersOnCopy, ); }; };
		B7524B57295368890010FFDE /* Menu.framework in Embed Frameworks */ = {isa = PBXBuildFile; fileRef = B796FA442949015F00910A0A /* Menu.framework */; settings = {ATTRIBUTES = (CodeSignOnCopy, RemoveHeadersOnCopy, ); }; };
		B7524B58295368890010FFDE /* Home.framework in Embed Frameworks */ = {isa = PBXBuildFile; fileRef = B796FA412949015A00910A0A /* Home.framework */; settings = {ATTRIBUTES = (CodeSignOnCopy, RemoveHeadersOnCopy, ); }; };
		B7524B622953689C0010FFDE /* AppCoordinator.swift in Sources */ = {isa = PBXBuildFile; fileRef = B73A2FDD29494E86002C08C9 /* AppCoordinator.swift */; };
		B7524B632953689C0010FFDE /* AppDelegate.swift in Sources */ = {isa = PBXBuildFile; fileRef = B796F9A52948BCDE00910A0A /* AppDelegate.swift */; };
		B7524B642953689C0010FFDE /* MainCompositionRoot.swift in Sources */ = {isa = PBXBuildFile; fileRef = B7C22685294F7D4F00971ECC /* MainCompositionRoot.swift */; };
		B7524B652953689C0010FFDE /* TabCoordinator.swift in Sources */ = {isa = PBXBuildFile; fileRef = B73A2FDF294953DA002C08C9 /* TabCoordinator.swift */; };
		B7524B662953689C0010FFDE /* SceneDelegate.swift in Sources */ = {isa = PBXBuildFile; fileRef = B796F9A72948BCDE00910A0A /* SceneDelegate.swift */; };
		B7524B682953689C0010FFDE /* Shared.framework in Frameworks */ = {isa = PBXBuildFile; fileRef = B796FA3D2949015500910A0A /* Shared.framework */; };
		B7524B692953689C0010FFDE /* Menu.framework in Frameworks */ = {isa = PBXBuildFile; fileRef = B796FA442949015F00910A0A /* Menu.framework */; };
		B7524B6A2953689C0010FFDE /* Home.framework in Frameworks */ = {isa = PBXBuildFile; fileRef = B796FA412949015A00910A0A /* Home.framework */; };
		B7524B6D2953689C0010FFDE /* LaunchScreen.storyboard in Resources */ = {isa = PBXBuildFile; fileRef = B796F9B02948BCE000910A0A /* LaunchScreen.storyboard */; };
		B7524B6E2953689C0010FFDE /* Assets.xcassets in Resources */ = {isa = PBXBuildFile; fileRef = B796F9AE2948BCE000910A0A /* Assets.xcassets */; };
		B7524B702953689C0010FFDE /* Shared.framework in Embed Frameworks */ = {isa = PBXBuildFile; fileRef = B796FA3D2949015500910A0A /* Shared.framework */; settings = {ATTRIBUTES = (CodeSignOnCopy, RemoveHeadersOnCopy, ); }; };
		B7524B712953689C0010FFDE /* Menu.framework in Embed Frameworks */ = {isa = PBXBuildFile; fileRef = B796FA442949015F00910A0A /* Menu.framework */; settings = {ATTRIBUTES = (CodeSignOnCopy, RemoveHeadersOnCopy, ); }; };
		B7524B722953689C0010FFDE /* Home.framework in Embed Frameworks */ = {isa = PBXBuildFile; fileRef = B796FA412949015A00910A0A /* Home.framework */; settings = {ATTRIBUTES = (CodeSignOnCopy, RemoveHeadersOnCopy, ); }; };
		B758ADB329552B2F0071EB22 /* AppInitialization.swift in Sources */ = {isa = PBXBuildFile; fileRef = B758ADB229552B2F0071EB22 /* AppInitialization.swift */; };
		B758ADB429552B2F0071EB22 /* AppInitialization.swift in Sources */ = {isa = PBXBuildFile; fileRef = B758ADB229552B2F0071EB22 /* AppInitialization.swift */; };
		B758ADB529552B2F0071EB22 /* AppInitialization.swift in Sources */ = {isa = PBXBuildFile; fileRef = B758ADB229552B2F0071EB22 /* AppInitialization.swift */; };
		B796F9A62948BCDE00910A0A /* AppDelegate.swift in Sources */ = {isa = PBXBuildFile; fileRef = B796F9A52948BCDE00910A0A /* AppDelegate.swift */; };
		B796F9A82948BCDE00910A0A /* SceneDelegate.swift in Sources */ = {isa = PBXBuildFile; fileRef = B796F9A72948BCDE00910A0A /* SceneDelegate.swift */; };
		B796F9AF2948BCE000910A0A /* Assets.xcassets in Resources */ = {isa = PBXBuildFile; fileRef = B796F9AE2948BCE000910A0A /* Assets.xcassets */; };
		B796F9B22948BCE000910A0A /* LaunchScreen.storyboard in Resources */ = {isa = PBXBuildFile; fileRef = B796F9B02948BCE000910A0A /* LaunchScreen.storyboard */; };
		B796F9BD2948BCE000910A0A /* AppTests.swift in Sources */ = {isa = PBXBuildFile; fileRef = B796F9BC2948BCE000910A0A /* AppTests.swift */; };
		B796F9C72948BCE000910A0A /* AppUITests.swift in Sources */ = {isa = PBXBuildFile; fileRef = B796F9C62948BCE000910A0A /* AppUITests.swift */; };
		B796F9C92948BCE000910A0A /* AppUITestsLaunchTests.swift in Sources */ = {isa = PBXBuildFile; fileRef = B796F9C82948BCE000910A0A /* AppUITestsLaunchTests.swift */; };
		B796FA3E2949015500910A0A /* Shared.framework in Frameworks */ = {isa = PBXBuildFile; fileRef = B796FA3D2949015500910A0A /* Shared.framework */; };
		B796FA3F2949015500910A0A /* Shared.framework in Embed Frameworks */ = {isa = PBXBuildFile; fileRef = B796FA3D2949015500910A0A /* Shared.framework */; settings = {ATTRIBUTES = (CodeSignOnCopy, RemoveHeadersOnCopy, ); }; };
		B796FA422949015A00910A0A /* Home.framework in Frameworks */ = {isa = PBXBuildFile; fileRef = B796FA412949015A00910A0A /* Home.framework */; };
		B796FA432949015A00910A0A /* Home.framework in Embed Frameworks */ = {isa = PBXBuildFile; fileRef = B796FA412949015A00910A0A /* Home.framework */; settings = {ATTRIBUTES = (CodeSignOnCopy, RemoveHeadersOnCopy, ); }; };
		B796FA452949015F00910A0A /* Menu.framework in Frameworks */ = {isa = PBXBuildFile; fileRef = B796FA442949015F00910A0A /* Menu.framework */; };
		B796FA462949015F00910A0A /* Menu.framework in Embed Frameworks */ = {isa = PBXBuildFile; fileRef = B796FA442949015F00910A0A /* Menu.framework */; settings = {ATTRIBUTES = (CodeSignOnCopy, RemoveHeadersOnCopy, ); }; };
		B7A89926297F014400050EDF /* GoogleService-Info.plist in Resources */ = {isa = PBXBuildFile; fileRef = B7A89925297F014400050EDF /* GoogleService-Info.plist */; };
		B7A89927297F014400050EDF /* GoogleService-Info.plist in Resources */ = {isa = PBXBuildFile; fileRef = B7A89925297F014400050EDF /* GoogleService-Info.plist */; };
		B7A89928297F014400050EDF /* GoogleService-Info.plist in Resources */ = {isa = PBXBuildFile; fileRef = B7A89925297F014400050EDF /* GoogleService-Info.plist */; };
		B7C22686294F7D4F00971ECC /* MainCompositionRoot.swift in Sources */ = {isa = PBXBuildFile; fileRef = B7C22685294F7D4F00971ECC /* MainCompositionRoot.swift */; };
		B7EF647A29B7A9A200A372DF /* DesignSystem in Frameworks */ = {isa = PBXBuildFile; productRef = B7EF647929B7A9A200A372DF /* DesignSystem */; };
		EBCFF033BC4BF378660D6826 /* Pods_App_DEV.framework in Frameworks */ = {isa = PBXBuildFile; fileRef = 8D9D3DB370308C0C8394AE2A /* Pods_App_DEV.framework */; };
/* End PBXBuildFile section */

/* Begin PBXContainerItemProxy section */
		B796F9B92948BCE000910A0A /* PBXContainerItemProxy */ = {
			isa = PBXContainerItemProxy;
			containerPortal = B796F99A2948BCDE00910A0A /* Project object */;
			proxyType = 1;
			remoteGlobalIDString = B796F9A12948BCDE00910A0A;
			remoteInfo = App;
		};
		B796F9C32948BCE000910A0A /* PBXContainerItemProxy */ = {
			isa = PBXContainerItemProxy;
			containerPortal = B796F99A2948BCDE00910A0A /* Project object */;
			proxyType = 1;
			remoteGlobalIDString = B796F9A12948BCDE00910A0A;
			remoteInfo = App;
		};
/* End PBXContainerItemProxy section */

/* Begin PBXCopyFilesBuildPhase section */
		B7524B55295368890010FFDE /* Embed Frameworks */ = {
			isa = PBXCopyFilesBuildPhase;
			buildActionMask = 2147483647;
			dstPath = "";
			dstSubfolderSpec = 10;
			files = (
				B7524B56295368890010FFDE /* Shared.framework in Embed Frameworks */,
				B7524B57295368890010FFDE /* Menu.framework in Embed Frameworks */,
				B7524B58295368890010FFDE /* Home.framework in Embed Frameworks */,
			);
			name = "Embed Frameworks";
			runOnlyForDeploymentPostprocessing = 0;
		};
		B7524B6F2953689C0010FFDE /* Embed Frameworks */ = {
			isa = PBXCopyFilesBuildPhase;
			buildActionMask = 2147483647;
			dstPath = "";
			dstSubfolderSpec = 10;
			files = (
				B7524B702953689C0010FFDE /* Shared.framework in Embed Frameworks */,
				B7524B712953689C0010FFDE /* Menu.framework in Embed Frameworks */,
				B7524B722953689C0010FFDE /* Home.framework in Embed Frameworks */,
			);
			name = "Embed Frameworks";
			runOnlyForDeploymentPostprocessing = 0;
		};
		B796FA402949015500910A0A /* Embed Frameworks */ = {
			isa = PBXCopyFilesBuildPhase;
			buildActionMask = 2147483647;
			dstPath = "";
			dstSubfolderSpec = 10;
			files = (
				B796FA3F2949015500910A0A /* Shared.framework in Embed Frameworks */,
				B796FA462949015F00910A0A /* Menu.framework in Embed Frameworks */,
				B796FA432949015A00910A0A /* Home.framework in Embed Frameworks */,
			);
			name = "Embed Frameworks";
			runOnlyForDeploymentPostprocessing = 0;
		};
/* End PBXCopyFilesBuildPhase section */

/* Begin PBXFileReference section */
		1335CCFD22F0CDFD0A256B8F /* Pods-App_DEV.debug.xcconfig */ = {isa = PBXFileReference; includeInIndex = 1; lastKnownFileType = text.xcconfig; name = "Pods-App_DEV.debug.xcconfig"; path = "Target Support Files/Pods-App_DEV/Pods-App_DEV.debug.xcconfig"; sourceTree = "<group>"; };
		21C272B7C357F4BBFAB884B8 /* Pods-App-AppUITests.release.xcconfig */ = {isa = PBXFileReference; includeInIndex = 1; lastKnownFileType = text.xcconfig; name = "Pods-App-AppUITests.release.xcconfig"; path = "Target Support Files/Pods-App-AppUITests/Pods-App-AppUITests.release.xcconfig"; sourceTree = "<group>"; };
		43C3CAF53B2EDE6F3213A071 /* Pods-App-AppUITests.debug.xcconfig */ = {isa = PBXFileReference; includeInIndex = 1; lastKnownFileType = text.xcconfig; name = "Pods-App-AppUITests.debug.xcconfig"; path = "Target Support Files/Pods-App-AppUITests/Pods-App-AppUITests.debug.xcconfig"; sourceTree = "<group>"; };
		586AB269011EB8B2175CB0CC /* Pods-App_DEV.release.xcconfig */ = {isa = PBXFileReference; includeInIndex = 1; lastKnownFileType = text.xcconfig; name = "Pods-App_DEV.release.xcconfig"; path = "Target Support Files/Pods-App_DEV/Pods-App_DEV.release.xcconfig"; sourceTree = "<group>"; };
		8D9D3DB370308C0C8394AE2A /* Pods_App_DEV.framework */ = {isa = PBXFileReference; explicitFileType = wrapper.framework; includeInIndex = 0; path = Pods_App_DEV.framework; sourceTree = BUILT_PRODUCTS_DIR; };
		B73A2FDD29494E86002C08C9 /* AppCoordinator.swift */ = {isa = PBXFileReference; lastKnownFileType = sourcecode.swift; path = AppCoordinator.swift; sourceTree = "<group>"; };
		B73A2FDF294953DA002C08C9 /* TabCoordinator.swift */ = {isa = PBXFileReference; lastKnownFileType = sourcecode.swift; path = TabCoordinator.swift; sourceTree = "<group>"; };
		B7472A7029843DFD0043751A /* AdSupport.framework */ = {isa = PBXFileReference; lastKnownFileType = wrapper.framework; name = AdSupport.framework; path = System/Library/Frameworks/AdSupport.framework; sourceTree = SDKROOT; };
		B7524B5D295368890010FFDE /* App_QA.app */ = {isa = PBXFileReference; explicitFileType = wrapper.application; includeInIndex = 0; path = App_QA.app; sourceTree = BUILT_PRODUCTS_DIR; };
		B7524B772953689C0010FFDE /* App_PROD.app */ = {isa = PBXFileReference; explicitFileType = wrapper.application; includeInIndex = 0; path = App_PROD.app; sourceTree = BUILT_PRODUCTS_DIR; };
		B7524B7D29536CA30010FFDE /* PROD-Info.plist */ = {isa = PBXFileReference; lastKnownFileType = text.plist.xml; path = "PROD-Info.plist"; sourceTree = "<group>"; };
		B7524B7E29536CA30010FFDE /* QA-Info.plist */ = {isa = PBXFileReference; lastKnownFileType = text.plist.xml; path = "QA-Info.plist"; sourceTree = "<group>"; };
		B758ADB229552B2F0071EB22 /* AppInitialization.swift */ = {isa = PBXFileReference; lastKnownFileType = sourcecode.swift; path = AppInitialization.swift; sourceTree = "<group>"; };
		B796F9A22948BCDE00910A0A /* App_DEV.app */ = {isa = PBXFileReference; explicitFileType = wrapper.application; includeInIndex = 0; path = App_DEV.app; sourceTree = BUILT_PRODUCTS_DIR; };
		B796F9A52948BCDE00910A0A /* AppDelegate.swift */ = {isa = PBXFileReference; lastKnownFileType = sourcecode.swift; path = AppDelegate.swift; sourceTree = "<group>"; };
		B796F9A72948BCDE00910A0A /* SceneDelegate.swift */ = {isa = PBXFileReference; lastKnownFileType = sourcecode.swift; path = SceneDelegate.swift; sourceTree = "<group>"; };
		B796F9AE2948BCE000910A0A /* Assets.xcassets */ = {isa = PBXFileReference; lastKnownFileType = folder.assetcatalog; path = Assets.xcassets; sourceTree = "<group>"; };
		B796F9B12948BCE000910A0A /* Base */ = {isa = PBXFileReference; lastKnownFileType = file.storyboard; name = Base; path = Base.lproj/LaunchScreen.storyboard; sourceTree = "<group>"; };
		B796F9B32948BCE000910A0A /* DEV-Info.plist */ = {isa = PBXFileReference; lastKnownFileType = text.plist.xml; path = "DEV-Info.plist"; sourceTree = "<group>"; };
		B796F9B82948BCE000910A0A /* AppTests.xctest */ = {isa = PBXFileReference; explicitFileType = wrapper.cfbundle; includeInIndex = 0; path = AppTests.xctest; sourceTree = BUILT_PRODUCTS_DIR; };
		B796F9BC2948BCE000910A0A /* AppTests.swift */ = {isa = PBXFileReference; lastKnownFileType = sourcecode.swift; path = AppTests.swift; sourceTree = "<group>"; };
		B796F9C22948BCE000910A0A /* AppUITests.xctest */ = {isa = PBXFileReference; explicitFileType = wrapper.cfbundle; includeInIndex = 0; path = AppUITests.xctest; sourceTree = BUILT_PRODUCTS_DIR; };
		B796F9C62948BCE000910A0A /* AppUITests.swift */ = {isa = PBXFileReference; lastKnownFileType = sourcecode.swift; path = AppUITests.swift; sourceTree = "<group>"; };
		B796F9C82948BCE000910A0A /* AppUITestsLaunchTests.swift */ = {isa = PBXFileReference; lastKnownFileType = sourcecode.swift; path = AppUITestsLaunchTests.swift; sourceTree = "<group>"; };
		B796FA3D2949015500910A0A /* Shared.framework */ = {isa = PBXFileReference; explicitFileType = wrapper.framework; path = Shared.framework; sourceTree = BUILT_PRODUCTS_DIR; };
		B796FA412949015A00910A0A /* Home.framework */ = {isa = PBXFileReference; explicitFileType = wrapper.framework; path = Home.framework; sourceTree = BUILT_PRODUCTS_DIR; };
		B796FA442949015F00910A0A /* Menu.framework */ = {isa = PBXFileReference; explicitFileType = wrapper.framework; path = Menu.framework; sourceTree = BUILT_PRODUCTS_DIR; };
		B7A89925297F014400050EDF /* GoogleService-Info.plist */ = {isa = PBXFileReference; fileEncoding = 4; lastKnownFileType = text.plist.xml; path = "GoogleService-Info.plist"; sourceTree = "<group>"; };
		B7C22685294F7D4F00971ECC /* MainCompositionRoot.swift */ = {isa = PBXFileReference; lastKnownFileType = sourcecode.swift; path = MainCompositionRoot.swift; sourceTree = "<group>"; };
/* End PBXFileReference section */

/* Begin PBXFrameworksBuildPhase section */
		B7524B4D295368890010FFDE /* Frameworks */ = {
			isa = PBXFrameworksBuildPhase;
			buildActionMask = 2147483647;
			files = (
				B7524B4E295368890010FFDE /* Shared.framework in Frameworks */,
				B7524B4F295368890010FFDE /* Menu.framework in Frameworks */,
				B7524B50295368890010FFDE /* Home.framework in Frameworks */,
			);
			runOnlyForDeploymentPostprocessing = 0;
		};
		B7524B672953689C0010FFDE /* Frameworks */ = {
			isa = PBXFrameworksBuildPhase;
			buildActionMask = 2147483647;
			files = (
				B7524B682953689C0010FFDE /* Shared.framework in Frameworks */,
				B7524B692953689C0010FFDE /* Menu.framework in Frameworks */,
				B7524B6A2953689C0010FFDE /* Home.framework in Frameworks */,
			);
			runOnlyForDeploymentPostprocessing = 0;
		};
		B796F99F2948BCDE00910A0A /* Frameworks */ = {
			isa = PBXFrameworksBuildPhase;
			buildActionMask = 2147483647;
			files = (
				B796FA3E2949015500910A0A /* Shared.framework in Frameworks */,
				B7472A7129843DFD0043751A /* AdSupport.framework in Frameworks */,
				B796FA452949015F00910A0A /* Menu.framework in Frameworks */,
				B7EF647A29B7A9A200A372DF /* DesignSystem in Frameworks */,
				B796FA422949015A00910A0A /* Home.framework in Frameworks */,
				EBCFF033BC4BF378660D6826 /* Pods_App_DEV.framework in Frameworks */,
			);
			runOnlyForDeploymentPostprocessing = 0;
		};
		B796F9B52948BCE000910A0A /* Frameworks */ = {
			isa = PBXFrameworksBuildPhase;
			buildActionMask = 2147483647;
			files = (
			);
			runOnlyForDeploymentPostprocessing = 0;
		};
		B796F9BF2948BCE000910A0A /* Frameworks */ = {
			isa = PBXFrameworksBuildPhase;
			buildActionMask = 2147483647;
			files = (
			);
			runOnlyForDeploymentPostprocessing = 0;
		};
/* End PBXFrameworksBuildPhase section */

/* Begin PBXGroup section */
		4D303382BDE7E22C848BC0C4 /* Pods */ = {
			isa = PBXGroup;
			children = (
				43C3CAF53B2EDE6F3213A071 /* Pods-App-AppUITests.debug.xcconfig */,
				21C272B7C357F4BBFAB884B8 /* Pods-App-AppUITests.release.xcconfig */,
				1335CCFD22F0CDFD0A256B8F /* Pods-App_DEV.debug.xcconfig */,
				586AB269011EB8B2175CB0CC /* Pods-App_DEV.release.xcconfig */,
			);
			path = Pods;
			sourceTree = "<group>";
		};
		B796F9992948BCDE00910A0A = {
			isa = PBXGroup;
			children = (
				B796F9A42948BCDE00910A0A /* App */,
				B796F9BB2948BCE000910A0A /* AppTests */,
				B796F9C52948BCE000910A0A /* AppUITests */,
				B796F9A32948BCDE00910A0A /* Products */,
				B796FA3C2949015500910A0A /* Frameworks */,
				4D303382BDE7E22C848BC0C4 /* Pods */,
			);
			sourceTree = "<group>";
		};
		B796F9A32948BCDE00910A0A /* Products */ = {
			isa = PBXGroup;
			children = (
				B796F9A22948BCDE00910A0A /* App_DEV.app */,
				B796F9B82948BCE000910A0A /* AppTests.xctest */,
				B796F9C22948BCE000910A0A /* AppUITests.xctest */,
				B7524B5D295368890010FFDE /* App_QA.app */,
				B7524B772953689C0010FFDE /* App_PROD.app */,
			);
			name = Products;
			sourceTree = "<group>";
		};
		B796F9A42948BCDE00910A0A /* App */ = {
			isa = PBXGroup;
			children = (
				B7C22685294F7D4F00971ECC /* MainCompositionRoot.swift */,
				B73A2FDF294953DA002C08C9 /* TabCoordinator.swift */,
				B73A2FDD29494E86002C08C9 /* AppCoordinator.swift */,
				B758ADB229552B2F0071EB22 /* AppInitialization.swift */,
				B796F9A52948BCDE00910A0A /* AppDelegate.swift */,
				B796F9A72948BCDE00910A0A /* SceneDelegate.swift */,
				B796F9AE2948BCE000910A0A /* Assets.xcassets */,
				B796F9B02948BCE000910A0A /* LaunchScreen.storyboard */,
				B796F9B32948BCE000910A0A /* DEV-Info.plist */,
				B7524B7E29536CA30010FFDE /* QA-Info.plist */,
				B7524B7D29536CA30010FFDE /* PROD-Info.plist */,
				B7A89925297F014400050EDF /* GoogleService-Info.plist */,
			);
			path = App;
			sourceTree = "<group>";
		};
		B796F9BB2948BCE000910A0A /* AppTests */ = {
			isa = PBXGroup;
			children = (
				B796F9BC2948BCE000910A0A /* AppTests.swift */,
			);
			path = AppTests;
			sourceTree = "<group>";
		};
		B796F9C52948BCE000910A0A /* AppUITests */ = {
			isa = PBXGroup;
			children = (
				B796F9C62948BCE000910A0A /* AppUITests.swift */,
				B796F9C82948BCE000910A0A /* AppUITestsLaunchTests.swift */,
			);
			path = AppUITests;
			sourceTree = "<group>";
		};
		B796FA3C2949015500910A0A /* Frameworks */ = {
			isa = PBXGroup;
			children = (
				B7472A7029843DFD0043751A /* AdSupport.framework */,
				B796FA442949015F00910A0A /* Menu.framework */,
				B796FA412949015A00910A0A /* Home.framework */,
				B796FA3D2949015500910A0A /* Shared.framework */,
				8D9D3DB370308C0C8394AE2A /* Pods_App_DEV.framework */,
			);
			name = Frameworks;
			sourceTree = "<group>";
		};
/* End PBXGroup section */

/* Begin PBXNativeTarget section */
		B7524B45295368890010FFDE /* App_QA */ = {
			isa = PBXNativeTarget;
			buildConfigurationList = B7524B5A295368890010FFDE /* Build configuration list for PBXNativeTarget "App_QA" */;
			buildPhases = (
				B7524B47295368890010FFDE /* Sources */,
				B7524B4D295368890010FFDE /* Frameworks */,
				B7524B52295368890010FFDE /* Resources */,
				B7524B55295368890010FFDE /* Embed Frameworks */,
			);
			buildRules = (
			);
			dependencies = (
			);
			name = App_QA;
			productName = App;
			productReference = B7524B5D295368890010FFDE /* App_QA.app */;
			productType = "com.apple.product-type.application";
		};
		B7524B5F2953689C0010FFDE /* App_PROD */ = {
			isa = PBXNativeTarget;
			buildConfigurationList = B7524B742953689C0010FFDE /* Build configuration list for PBXNativeTarget "App_PROD" */;
			buildPhases = (
				B7524B612953689C0010FFDE /* Sources */,
				B7524B672953689C0010FFDE /* Frameworks */,
				B7524B6C2953689C0010FFDE /* Resources */,
				B7524B6F2953689C0010FFDE /* Embed Frameworks */,
			);
			buildRules = (
			);
			dependencies = (
			);
			name = App_PROD;
			productName = App;
			productReference = B7524B772953689C0010FFDE /* App_PROD.app */;
			productType = "com.apple.product-type.application";
		};
		B796F9A12948BCDE00910A0A /* App_DEV */ = {
			isa = PBXNativeTarget;
			buildConfigurationList = B796F9CC2948BCE000910A0A /* Build configuration list for PBXNativeTarget "App_DEV" */;
			buildPhases = (
				E28C7282A0001C7C511FAE1B /* [CP] Check Pods Manifest.lock */,
				B796F99E2948BCDE00910A0A /* Sources */,
				B796F99F2948BCDE00910A0A /* Frameworks */,
				B796F9A02948BCDE00910A0A /* Resources */,
				B796FA402949015500910A0A /* Embed Frameworks */,
				B813BBE1E933541CC772C7EF /* [CP] Embed Pods Frameworks */,
				B7FAA442294A509A00EE65C3 /* Linter */,
				B7472A7229845D080043751A /* Firebase Crashlytics Script */,
			);
			buildRules = (
			);
			dependencies = (
			);
			name = App_DEV;
			packageProductDependencies = (
				B7EF647929B7A9A200A372DF /* DesignSystem */,
			);
			productName = App;
			productReference = B796F9A22948BCDE00910A0A /* App_DEV.app */;
			productType = "com.apple.product-type.application";
		};
		B796F9B72948BCE000910A0A /* AppTests */ = {
			isa = PBXNativeTarget;
			buildConfigurationList = B796F9CF2948BCE000910A0A /* Build configuration list for PBXNativeTarget "AppTests" */;
			buildPhases = (
				B796F9B42948BCE000910A0A /* Sources */,
				B796F9B52948BCE000910A0A /* Frameworks */,
				B796F9B62948BCE000910A0A /* Resources */,
			);
			buildRules = (
			);
			dependencies = (
				B796F9BA2948BCE000910A0A /* PBXTargetDependency */,
			);
			name = AppTests;
			productName = AppTests;
			productReference = B796F9B82948BCE000910A0A /* AppTests.xctest */;
			productType = "com.apple.product-type.bundle.unit-test";
		};
		B796F9C12948BCE000910A0A /* AppUITests */ = {
			isa = PBXNativeTarget;
			buildConfigurationList = B796F9D22948BCE000910A0A /* Build configuration list for PBXNativeTarget "AppUITests" */;
			buildPhases = (
				B796F9BE2948BCE000910A0A /* Sources */,
				B796F9BF2948BCE000910A0A /* Frameworks */,
				B796F9C02948BCE000910A0A /* Resources */,
			);
			buildRules = (
			);
			dependencies = (
				B796F9C42948BCE000910A0A /* PBXTargetDependency */,
			);
			name = AppUITests;
			productName = AppUITests;
			productReference = B796F9C22948BCE000910A0A /* AppUITests.xctest */;
			productType = "com.apple.product-type.bundle.ui-testing";
		};
/* End PBXNativeTarget section */

/* Begin PBXProject section */
		B796F99A2948BCDE00910A0A /* Project object */ = {
			isa = PBXProject;
			attributes = {
				BuildIndependentTargetsInParallel = 1;
				LastSwiftUpdateCheck = 1400;
				LastUpgradeCheck = 1400;
				TargetAttributes = {
					B796F9A12948BCDE00910A0A = {
						CreatedOnToolsVersion = 14.0.1;
					};
					B796F9B72948BCE000910A0A = {
						CreatedOnToolsVersion = 14.0.1;
						TestTargetID = B796F9A12948BCDE00910A0A;
					};
					B796F9C12948BCE000910A0A = {
						CreatedOnToolsVersion = 14.0.1;
						TestTargetID = B796F9A12948BCDE00910A0A;
					};
				};
			};
			buildConfigurationList = B796F99D2948BCDE00910A0A /* Build configuration list for PBXProject "App" */;
			compatibilityVersion = "Xcode 14.0";
			developmentRegion = en;
			hasScannedForEncodings = 0;
			knownRegions = (
				en,
				Base,
			);
			mainGroup = B796F9992948BCDE00910A0A;
			packageReferences = (
				B7EF647829B7A9A200A372DF /* XCRemoteSwiftPackageReference "IOS-Design-System" */,
			);
			productRefGroup = B796F9A32948BCDE00910A0A /* Products */;
			projectDirPath = "";
			projectRoot = "";
			targets = (
				B796F9A12948BCDE00910A0A /* App_DEV */,
				B7524B45295368890010FFDE /* App_QA */,
				B7524B5F2953689C0010FFDE /* App_PROD */,
				B796F9B72948BCE000910A0A /* AppTests */,
				B796F9C12948BCE000910A0A /* AppUITests */,
			);
		};
/* End PBXProject section */

/* Begin PBXResourcesBuildPhase section */
		B7524B52295368890010FFDE /* Resources */ = {
			isa = PBXResourcesBuildPhase;
			buildActionMask = 2147483647;
			files = (
				B7524B53295368890010FFDE /* LaunchScreen.storyboard in Resources */,
				B7524B54295368890010FFDE /* Assets.xcassets in Resources */,
				B7A89927297F014400050EDF /* GoogleService-Info.plist in Resources */,
			);
			runOnlyForDeploymentPostprocessing = 0;
		};
		B7524B6C2953689C0010FFDE /* Resources */ = {
			isa = PBXResourcesBuildPhase;
			buildActionMask = 2147483647;
			files = (
				B7524B6D2953689C0010FFDE /* LaunchScreen.storyboard in Resources */,
				B7524B6E2953689C0010FFDE /* Assets.xcassets in Resources */,
				B7A89928297F014400050EDF /* GoogleService-Info.plist in Resources */,
			);
			runOnlyForDeploymentPostprocessing = 0;
		};
		B796F9A02948BCDE00910A0A /* Resources */ = {
			isa = PBXResourcesBuildPhase;
			buildActionMask = 2147483647;
			files = (
				B796F9B22948BCE000910A0A /* LaunchScreen.storyboard in Resources */,
				B796F9AF2948BCE000910A0A /* Assets.xcassets in Resources */,
				B7A89926297F014400050EDF /* GoogleService-Info.plist in Resources */,
			);
			runOnlyForDeploymentPostprocessing = 0;
		};
		B796F9B62948BCE000910A0A /* Resources */ = {
			isa = PBXResourcesBuildPhase;
			buildActionMask = 2147483647;
			files = (
			);
			runOnlyForDeploymentPostprocessing = 0;
		};
		B796F9C02948BCE000910A0A /* Resources */ = {
			isa = PBXResourcesBuildPhase;
			buildActionMask = 2147483647;
			files = (
			);
			runOnlyForDeploymentPostprocessing = 0;
		};
/* End PBXResourcesBuildPhase section */

/* Begin PBXShellScriptBuildPhase section */
		B7472A7229845D080043751A /* Firebase Crashlytics Script */ = {
			isa = PBXShellScriptBuildPhase;
			alwaysOutOfDate = 1;
			buildActionMask = 2147483647;
			files = (
			);
			inputFileListPaths = (
			);
			inputPaths = (
				"${DWARF_DSYM_FOLDER_PATH}/${DWARF_DSYM_FILE_NAME}/Contents/Resources/DWARF/${TARGET_NAME}",
				"$(SRCROOT)/$(BUILT_PRODUCTS_DIR)/$(INFOPLIST_PATH)",
			);
			name = "Firebase Crashlytics Script";
			outputFileListPaths = (
			);
			outputPaths = (
			);
			runOnlyForDeploymentPostprocessing = 0;
			shellPath = /bin/sh;
			shellScript = "\"${PODS_ROOT}/FirebaseCrashlytics/run\"\n";
		};
		B7FAA442294A509A00EE65C3 /* Linter */ = {
			isa = PBXShellScriptBuildPhase;
			alwaysOutOfDate = 1;
			buildActionMask = 2147483647;
			files = (
			);
			inputFileListPaths = (
			);
			inputPaths = (
			);
			name = Linter;
			outputFileListPaths = (
			);
			outputPaths = (
			);
			runOnlyForDeploymentPostprocessing = 0;
			shellPath = /bin/sh;
			shellScript = "${PODS_ROOT}/SwiftLint/swiftlint\n";
		};
		B813BBE1E933541CC772C7EF /* [CP] Embed Pods Frameworks */ = {
			isa = PBXShellScriptBuildPhase;
			buildActionMask = 2147483647;
			files = (
			);
			inputFileListPaths = (
				"${PODS_ROOT}/Target Support Files/Pods-App_DEV/Pods-App_DEV-frameworks-${CONFIGURATION}-input-files.xcfilelist",
			);
			name = "[CP] Embed Pods Frameworks";
			outputFileListPaths = (
				"${PODS_ROOT}/Target Support Files/Pods-App_DEV/Pods-App_DEV-frameworks-${CONFIGURATION}-output-files.xcfilelist",
			);
			runOnlyForDeploymentPostprocessing = 0;
			shellPath = /bin/sh;
			shellScript = "\"${PODS_ROOT}/Target Support Files/Pods-App_DEV/Pods-App_DEV-frameworks.sh\"\n";
			showEnvVarsInLog = 0;
		};
		E28C7282A0001C7C511FAE1B /* [CP] Check Pods Manifest.lock */ = {
			isa = PBXShellScriptBuildPhase;
			buildActionMask = 2147483647;
			files = (
			);
			inputFileListPaths = (
			);
			inputPaths = (
				"${PODS_PODFILE_DIR_PATH}/Podfile.lock",
				"${PODS_ROOT}/Manifest.lock",
			);
			name = "[CP] Check Pods Manifest.lock";
			outputFileListPaths = (
			);
			outputPaths = (
				"$(DERIVED_FILE_DIR)/Pods-App_DEV-checkManifestLockResult.txt",
			);
			runOnlyForDeploymentPostprocessing = 0;
			shellPath = /bin/sh;
			shellScript = "diff \"${PODS_PODFILE_DIR_PATH}/Podfile.lock\" \"${PODS_ROOT}/Manifest.lock\" > /dev/null\nif [ $? != 0 ] ; then\n    # print error to STDERR\n    echo \"error: The sandbox is not in sync with the Podfile.lock. Run 'pod install' or update your CocoaPods installation.\" >&2\n    exit 1\nfi\n# This output is used by Xcode 'outputs' to avoid re-running this script phase.\necho \"SUCCESS\" > \"${SCRIPT_OUTPUT_FILE_0}\"\n";
			showEnvVarsInLog = 0;
		};
/* End PBXShellScriptBuildPhase section */

/* Begin PBXSourcesBuildPhase section */
		B7524B47295368890010FFDE /* Sources */ = {
			isa = PBXSourcesBuildPhase;
			buildActionMask = 2147483647;
			files = (
				B7524B48295368890010FFDE /* AppCoordinator.swift in Sources */,
				B7524B49295368890010FFDE /* AppDelegate.swift in Sources */,
				B7524B4A295368890010FFDE /* MainCompositionRoot.swift in Sources */,
				B758ADB429552B2F0071EB22 /* AppInitialization.swift in Sources */,
				B7524B4B295368890010FFDE /* TabCoordinator.swift in Sources */,
				B7524B4C295368890010FFDE /* SceneDelegate.swift in Sources */,
			);
			runOnlyForDeploymentPostprocessing = 0;
		};
		B7524B612953689C0010FFDE /* Sources */ = {
			isa = PBXSourcesBuildPhase;
			buildActionMask = 2147483647;
			files = (
				B7524B622953689C0010FFDE /* AppCoordinator.swift in Sources */,
				B7524B632953689C0010FFDE /* AppDelegate.swift in Sources */,
				B7524B642953689C0010FFDE /* MainCompositionRoot.swift in Sources */,
				B758ADB529552B2F0071EB22 /* AppInitialization.swift in Sources */,
				B7524B652953689C0010FFDE /* TabCoordinator.swift in Sources */,
				B7524B662953689C0010FFDE /* SceneDelegate.swift in Sources */,
			);
			runOnlyForDeploymentPostprocessing = 0;
		};
		B796F99E2948BCDE00910A0A /* Sources */ = {
			isa = PBXSourcesBuildPhase;
			buildActionMask = 2147483647;
			files = (
				B73A2FDE29494E86002C08C9 /* AppCoordinator.swift in Sources */,
				B796F9A62948BCDE00910A0A /* AppDelegate.swift in Sources */,
				B7C22686294F7D4F00971ECC /* MainCompositionRoot.swift in Sources */,
				B758ADB329552B2F0071EB22 /* AppInitialization.swift in Sources */,
				B73A2FE0294953DA002C08C9 /* TabCoordinator.swift in Sources */,
				B796F9A82948BCDE00910A0A /* SceneDelegate.swift in Sources */,
			);
			runOnlyForDeploymentPostprocessing = 0;
		};
		B796F9B42948BCE000910A0A /* Sources */ = {
			isa = PBXSourcesBuildPhase;
			buildActionMask = 2147483647;
			files = (
				B796F9BD2948BCE000910A0A /* AppTests.swift in Sources */,
			);
			runOnlyForDeploymentPostprocessing = 0;
		};
		B796F9BE2948BCE000910A0A /* Sources */ = {
			isa = PBXSourcesBuildPhase;
			buildActionMask = 2147483647;
			files = (
				B796F9C92948BCE000910A0A /* AppUITestsLaunchTests.swift in Sources */,
				B796F9C72948BCE000910A0A /* AppUITests.swift in Sources */,
			);
			runOnlyForDeploymentPostprocessing = 0;
		};
/* End PBXSourcesBuildPhase section */

/* Begin PBXTargetDependency section */
		B796F9BA2948BCE000910A0A /* PBXTargetDependency */ = {
			isa = PBXTargetDependency;
			target = B796F9A12948BCDE00910A0A /* App_DEV */;
			targetProxy = B796F9B92948BCE000910A0A /* PBXContainerItemProxy */;
		};
		B796F9C42948BCE000910A0A /* PBXTargetDependency */ = {
			isa = PBXTargetDependency;
			target = B796F9A12948BCDE00910A0A /* App_DEV */;
			targetProxy = B796F9C32948BCE000910A0A /* PBXContainerItemProxy */;
		};
/* End PBXTargetDependency section */

/* Begin PBXVariantGroup section */
		B796F9B02948BCE000910A0A /* LaunchScreen.storyboard */ = {
			isa = PBXVariantGroup;
			children = (
				B796F9B12948BCE000910A0A /* Base */,
			);
			name = LaunchScreen.storyboard;
			sourceTree = "<group>";
		};
/* End PBXVariantGroup section */

/* Begin XCBuildConfiguration section */
		B7524B5B295368890010FFDE /* Debug */ = {
			isa = XCBuildConfiguration;
			buildSettings = {
				ASSETCATALOG_COMPILER_APPICON_NAME = AppIcon;
				ASSETCATALOG_COMPILER_GLOBAL_ACCENT_COLOR_NAME = AccentColor;
				CODE_SIGN_STYLE = Automatic;
				CURRENT_PROJECT_VERSION = 1;
				DEVELOPMENT_TEAM = RHBH6Q62PG;
				GENERATE_INFOPLIST_FILE = YES;
				INFOPLIST_FILE = "App/QA-Info.plist";
				INFOPLIST_KEY_CFBundleDisplayName = GustavoAPPQA;
				INFOPLIST_KEY_LSApplicationCategoryType = "public.app-category.education";
				INFOPLIST_KEY_UIApplicationSupportsIndirectInputEvents = YES;
				INFOPLIST_KEY_UILaunchStoryboardName = LaunchScreen;
				INFOPLIST_KEY_UISupportedInterfaceOrientations = UIInterfaceOrientationPortrait;
				IPHONEOS_DEPLOYMENT_TARGET = 13.0;
				LD_RUNPATH_SEARCH_PATHS = (
					"$(inherited)",
					"@executable_path/Frameworks",
				);
				MARKETING_VERSION = 1.0;
				OTHER_SWIFT_FLAGS = "-DTEST";
				PRODUCT_BUNDLE_IDENTIFIER = gusta.App;
				PRODUCT_NAME = "$(TARGET_NAME)";
				SUPPORTED_PLATFORMS = "iphoneos iphonesimulator";
				SUPPORTS_MACCATALYST = NO;
				SUPPORTS_MAC_DESIGNED_FOR_IPHONE_IPAD = YES;
				SWIFT_EMIT_LOC_STRINGS = YES;
				SWIFT_VERSION = 5.0;
				TARGETED_DEVICE_FAMILY = 1;
			};
			name = Debug;
		};
		B7524B5C295368890010FFDE /* Release */ = {
			isa = XCBuildConfiguration;
			buildSettings = {
				ASSETCATALOG_COMPILER_APPICON_NAME = AppIcon;
				ASSETCATALOG_COMPILER_GLOBAL_ACCENT_COLOR_NAME = AccentColor;
				CODE_SIGN_STYLE = Automatic;
				CURRENT_PROJECT_VERSION = 1;
				DEVELOPMENT_TEAM = RHBH6Q62PG;
				GENERATE_INFOPLIST_FILE = YES;
				INFOPLIST_FILE = "App/QA-Info.plist";
				INFOPLIST_KEY_CFBundleDisplayName = GustavoAPPQA;
				INFOPLIST_KEY_LSApplicationCategoryType = "public.app-category.education";
				INFOPLIST_KEY_UIApplicationSupportsIndirectInputEvents = YES;
				INFOPLIST_KEY_UILaunchStoryboardName = LaunchScreen;
				INFOPLIST_KEY_UISupportedInterfaceOrientations = UIInterfaceOrientationPortrait;
				IPHONEOS_DEPLOYMENT_TARGET = 13.0;
				LD_RUNPATH_SEARCH_PATHS = (
					"$(inherited)",
					"@executable_path/Frameworks",
				);
				MARKETING_VERSION = 1.0;
				OTHER_SWIFT_FLAGS = "-DTEST";
				PRODUCT_BUNDLE_IDENTIFIER = gusta.App;
				PRODUCT_NAME = "$(TARGET_NAME)";
				SUPPORTED_PLATFORMS = "iphoneos iphonesimulator";
				SUPPORTS_MACCATALYST = NO;
				SUPPORTS_MAC_DESIGNED_FOR_IPHONE_IPAD = YES;
				SWIFT_EMIT_LOC_STRINGS = YES;
				SWIFT_VERSION = 5.0;
				TARGETED_DEVICE_FAMILY = 1;
			};
			name = Release;
		};
		B7524B752953689C0010FFDE /* Debug */ = {
			isa = XCBuildConfiguration;
			buildSettings = {
				ASSETCATALOG_COMPILER_APPICON_NAME = AppIcon;
				ASSETCATALOG_COMPILER_GLOBAL_ACCENT_COLOR_NAME = AccentColor;
				CODE_SIGN_STYLE = Automatic;
				CURRENT_PROJECT_VERSION = 1;
				DEVELOPMENT_TEAM = RHBH6Q62PG;
				GENERATE_INFOPLIST_FILE = YES;
				INFOPLIST_FILE = "App/PROD-Info.plist";
				INFOPLIST_KEY_CFBundleDisplayName = "Gustavo APP";
				INFOPLIST_KEY_LSApplicationCategoryType = "public.app-category.education";
				INFOPLIST_KEY_UIApplicationSupportsIndirectInputEvents = YES;
				INFOPLIST_KEY_UILaunchStoryboardName = LaunchScreen;
				INFOPLIST_KEY_UISupportedInterfaceOrientations = UIInterfaceOrientationPortrait;
				IPHONEOS_DEPLOYMENT_TARGET = 13.0;
				LD_RUNPATH_SEARCH_PATHS = (
					"$(inherited)",
					"@executable_path/Frameworks",
				);
				MARKETING_VERSION = 1.0;
				OTHER_SWIFT_FLAGS = "-DPROD";
				PRODUCT_BUNDLE_IDENTIFIER = gusta.App;
				PRODUCT_NAME = "$(TARGET_NAME)";
				SUPPORTED_PLATFORMS = "iphoneos iphonesimulator";
				SUPPORTS_MACCATALYST = NO;
				SUPPORTS_MAC_DESIGNED_FOR_IPHONE_IPAD = YES;
				SWIFT_EMIT_LOC_STRINGS = YES;
				SWIFT_VERSION = 5.0;
				TARGETED_DEVICE_FAMILY = 1;
			};
			name = Debug;
		};
		B7524B762953689C0010FFDE /* Release */ = {
			isa = XCBuildConfiguration;
			buildSettings = {
				ASSETCATALOG_COMPILER_APPICON_NAME = AppIcon;
				ASSETCATALOG_COMPILER_GLOBAL_ACCENT_COLOR_NAME = AccentColor;
				CODE_SIGN_STYLE = Automatic;
				CURRENT_PROJECT_VERSION = 1;
				DEVELOPMENT_TEAM = RHBH6Q62PG;
				GENERATE_INFOPLIST_FILE = YES;
				INFOPLIST_FILE = "App/PROD-Info.plist";
				INFOPLIST_KEY_CFBundleDisplayName = "Gustavo APP";
				INFOPLIST_KEY_LSApplicationCategoryType = "public.app-category.education";
				INFOPLIST_KEY_UIApplicationSupportsIndirectInputEvents = YES;
				INFOPLIST_KEY_UILaunchStoryboardName = LaunchScreen;
				INFOPLIST_KEY_UISupportedInterfaceOrientations = UIInterfaceOrientationPortrait;
				IPHONEOS_DEPLOYMENT_TARGET = 13.0;
				LD_RUNPATH_SEARCH_PATHS = (
					"$(inherited)",
					"@executable_path/Frameworks",
				);
				MARKETING_VERSION = 1.0;
				OTHER_SWIFT_FLAGS = "-DPROD";
				PRODUCT_BUNDLE_IDENTIFIER = gusta.App;
				PRODUCT_NAME = "$(TARGET_NAME)";
				SUPPORTED_PLATFORMS = "iphoneos iphonesimulator";
				SUPPORTS_MACCATALYST = NO;
				SUPPORTS_MAC_DESIGNED_FOR_IPHONE_IPAD = YES;
				SWIFT_EMIT_LOC_STRINGS = YES;
				SWIFT_VERSION = 5.0;
				TARGETED_DEVICE_FAMILY = 1;
			};
			name = Release;
		};
		B796F9CA2948BCE000910A0A /* Debug */ = {
			isa = XCBuildConfiguration;
			buildSettings = {
				ALWAYS_SEARCH_USER_PATHS = NO;
				CLANG_ANALYZER_NONNULL = YES;
				CLANG_ANALYZER_NUMBER_OBJECT_CONVERSION = YES_AGGRESSIVE;
				CLANG_CXX_LANGUAGE_STANDARD = "gnu++20";
				CLANG_ENABLE_MODULES = YES;
				CLANG_ENABLE_OBJC_ARC = YES;
				CLANG_ENABLE_OBJC_WEAK = YES;
				CLANG_WARN_BLOCK_CAPTURE_AUTORELEASING = YES;
				CLANG_WARN_BOOL_CONVERSION = YES;
				CLANG_WARN_COMMA = YES;
				CLANG_WARN_CONSTANT_CONVERSION = YES;
				CLANG_WARN_DEPRECATED_OBJC_IMPLEMENTATIONS = YES;
				CLANG_WARN_DIRECT_OBJC_ISA_USAGE = YES_ERROR;
				CLANG_WARN_DOCUMENTATION_COMMENTS = YES;
				CLANG_WARN_EMPTY_BODY = YES;
				CLANG_WARN_ENUM_CONVERSION = YES;
				CLANG_WARN_INFINITE_RECURSION = YES;
				CLANG_WARN_INT_CONVERSION = YES;
				CLANG_WARN_NON_LITERAL_NULL_CONVERSION = YES;
				CLANG_WARN_OBJC_IMPLICIT_RETAIN_SELF = YES;
				CLANG_WARN_OBJC_LITERAL_CONVERSION = YES;
				CLANG_WARN_OBJC_ROOT_CLASS = YES_ERROR;
				CLANG_WARN_QUOTED_INCLUDE_IN_FRAMEWORK_HEADER = YES;
				CLANG_WARN_RANGE_LOOP_ANALYSIS = YES;
				CLANG_WARN_STRICT_PROTOTYPES = YES;
				CLANG_WARN_SUSPICIOUS_MOVE = YES;
				CLANG_WARN_UNGUARDED_AVAILABILITY = YES_AGGRESSIVE;
				CLANG_WARN_UNREACHABLE_CODE = YES;
				CLANG_WARN__DUPLICATE_METHOD_MATCH = YES;
				COPY_PHASE_STRIP = NO;
				DEBUG_INFORMATION_FORMAT = dwarf;
				ENABLE_STRICT_OBJC_MSGSEND = YES;
				ENABLE_TESTABILITY = YES;
				GCC_C_LANGUAGE_STANDARD = gnu11;
				GCC_DYNAMIC_NO_PIC = NO;
				GCC_NO_COMMON_BLOCKS = YES;
				GCC_OPTIMIZATION_LEVEL = 0;
				GCC_PREPROCESSOR_DEFINITIONS = (
					"DEBUG=1",
					"$(inherited)",
				);
				GCC_WARN_64_TO_32_BIT_CONVERSION = YES;
				GCC_WARN_ABOUT_RETURN_TYPE = YES_ERROR;
				GCC_WARN_UNDECLARED_SELECTOR = YES;
				GCC_WARN_UNINITIALIZED_AUTOS = YES_AGGRESSIVE;
				GCC_WARN_UNUSED_FUNCTION = YES;
				GCC_WARN_UNUSED_VARIABLE = YES;
				IPHONEOS_DEPLOYMENT_TARGET = 13.0;
				MTL_ENABLE_DEBUG_INFO = INCLUDE_SOURCE;
				MTL_FAST_MATH = YES;
				ONLY_ACTIVE_ARCH = YES;
				SDKROOT = iphoneos;
				SWIFT_ACTIVE_COMPILATION_CONDITIONS = DEBUG;
				SWIFT_OPTIMIZATION_LEVEL = "-Onone";
			};
			name = Debug;
		};
		B796F9CB2948BCE000910A0A /* Release */ = {
			isa = XCBuildConfiguration;
			buildSettings = {
				ALWAYS_SEARCH_USER_PATHS = NO;
				CLANG_ANALYZER_NONNULL = YES;
				CLANG_ANALYZER_NUMBER_OBJECT_CONVERSION = YES_AGGRESSIVE;
				CLANG_CXX_LANGUAGE_STANDARD = "gnu++20";
				CLANG_ENABLE_MODULES = YES;
				CLANG_ENABLE_OBJC_ARC = YES;
				CLANG_ENABLE_OBJC_WEAK = YES;
				CLANG_WARN_BLOCK_CAPTURE_AUTORELEASING = YES;
				CLANG_WARN_BOOL_CONVERSION = YES;
				CLANG_WARN_COMMA = YES;
				CLANG_WARN_CONSTANT_CONVERSION = YES;
				CLANG_WARN_DEPRECATED_OBJC_IMPLEMENTATIONS = YES;
				CLANG_WARN_DIRECT_OBJC_ISA_USAGE = YES_ERROR;
				CLANG_WARN_DOCUMENTATION_COMMENTS = YES;
				CLANG_WARN_EMPTY_BODY = YES;
				CLANG_WARN_ENUM_CONVERSION = YES;
				CLANG_WARN_INFINITE_RECURSION = YES;
				CLANG_WARN_INT_CONVERSION = YES;
				CLANG_WARN_NON_LITERAL_NULL_CONVERSION = YES;
				CLANG_WARN_OBJC_IMPLICIT_RETAIN_SELF = YES;
				CLANG_WARN_OBJC_LITERAL_CONVERSION = YES;
				CLANG_WARN_OBJC_ROOT_CLASS = YES_ERROR;
				CLANG_WARN_QUOTED_INCLUDE_IN_FRAMEWORK_HEADER = YES;
				CLANG_WARN_RANGE_LOOP_ANALYSIS = YES;
				CLANG_WARN_STRICT_PROTOTYPES = YES;
				CLANG_WARN_SUSPICIOUS_MOVE = YES;
				CLANG_WARN_UNGUARDED_AVAILABILITY = YES_AGGRESSIVE;
				CLANG_WARN_UNREACHABLE_CODE = YES;
				CLANG_WARN__DUPLICATE_METHOD_MATCH = YES;
				COPY_PHASE_STRIP = NO;
				DEBUG_INFORMATION_FORMAT = "dwarf-with-dsym";
				ENABLE_NS_ASSERTIONS = NO;
				ENABLE_STRICT_OBJC_MSGSEND = YES;
				GCC_C_LANGUAGE_STANDARD = gnu11;
				GCC_NO_COMMON_BLOCKS = YES;
				GCC_WARN_64_TO_32_BIT_CONVERSION = YES;
				GCC_WARN_ABOUT_RETURN_TYPE = YES_ERROR;
				GCC_WARN_UNDECLARED_SELECTOR = YES;
				GCC_WARN_UNINITIALIZED_AUTOS = YES_AGGRESSIVE;
				GCC_WARN_UNUSED_FUNCTION = YES;
				GCC_WARN_UNUSED_VARIABLE = YES;
				IPHONEOS_DEPLOYMENT_TARGET = 13.0;
				MTL_ENABLE_DEBUG_INFO = NO;
				MTL_FAST_MATH = YES;
				SDKROOT = iphoneos;
				SWIFT_COMPILATION_MODE = wholemodule;
				SWIFT_OPTIMIZATION_LEVEL = "-O";
				VALIDATE_PRODUCT = YES;
			};
			name = Release;
		};
		B796F9CD2948BCE000910A0A /* Debug */ = {
			isa = XCBuildConfiguration;
			baseConfigurationReference = 1335CCFD22F0CDFD0A256B8F /* Pods-App_DEV.debug.xcconfig */;
			buildSettings = {
				ASSETCATALOG_COMPILER_APPICON_NAME = AppIcon;
				ASSETCATALOG_COMPILER_GLOBAL_ACCENT_COLOR_NAME = AccentColor;
				CODE_SIGN_STYLE = Automatic;
				CURRENT_PROJECT_VERSION = 1;
				DEBUG_INFORMATION_FORMAT = "dwarf-with-dsym";
				DEVELOPMENT_TEAM = RHBH6Q62PG;
				ENABLE_PREVIEWS = YES;
				GENERATE_INFOPLIST_FILE = YES;
				INFOPLIST_FILE = "App/DEV-Info.plist";
				INFOPLIST_KEY_CFBundleDisplayName = GustavoAPPDEV;
				INFOPLIST_KEY_LSApplicationCategoryType = "public.app-category.education";
				INFOPLIST_KEY_UIApplicationSupportsIndirectInputEvents = YES;
				INFOPLIST_KEY_UILaunchStoryboardName = LaunchScreen;
				INFOPLIST_KEY_UISupportedInterfaceOrientations = UIInterfaceOrientationPortrait;
				IPHONEOS_DEPLOYMENT_TARGET = 13.0;
				LD_RUNPATH_SEARCH_PATHS = (
					"$(inherited)",
					"@executable_path/Frameworks",
				);
				MARKETING_VERSION = 1.0;
				OTHER_SWIFT_FLAGS = "-DDEV";
				PRODUCT_BUNDLE_IDENTIFIER = gusta.App;
				PRODUCT_NAME = "$(TARGET_NAME)";
				SUPPORTED_PLATFORMS = "iphoneos iphonesimulator";
				SUPPORTS_MACCATALYST = NO;
				SUPPORTS_MAC_DESIGNED_FOR_IPHONE_IPAD = YES;
				SWIFT_EMIT_LOC_STRINGS = YES;
				SWIFT_VERSION = 5.0;
				TARGETED_DEVICE_FAMILY = 1;
			};
			name = Debug;
		};
		B796F9CE2948BCE000910A0A /* Release */ = {
			isa = XCBuildConfiguration;
			baseConfigurationReference = 586AB269011EB8B2175CB0CC /* Pods-App_DEV.release.xcconfig */;
			buildSettings = {
				ASSETCATALOG_COMPILER_APPICON_NAME = AppIcon;
				ASSETCATALOG_COMPILER_GLOBAL_ACCENT_COLOR_NAME = AccentColor;
				CODE_SIGN_STYLE = Automatic;
				CURRENT_PROJECT_VERSION = 1;
				DEBUG_INFORMATION_FORMAT = "dwarf-with-dsym";
				DEVELOPMENT_TEAM = RHBH6Q62PG;
				ENABLE_PREVIEWS = YES;
				GENERATE_INFOPLIST_FILE = YES;
				INFOPLIST_FILE = "App/DEV-Info.plist";
				INFOPLIST_KEY_CFBundleDisplayName = GustavoAPPDEV;
				INFOPLIST_KEY_LSApplicationCategoryType = "public.app-category.education";
				INFOPLIST_KEY_UIApplicationSupportsIndirectInputEvents = YES;
				INFOPLIST_KEY_UILaunchStoryboardName = LaunchScreen;
				INFOPLIST_KEY_UISupportedInterfaceOrientations = UIInterfaceOrientationPortrait;
				IPHONEOS_DEPLOYMENT_TARGET = 13.0;
				LD_RUNPATH_SEARCH_PATHS = (
					"$(inherited)",
					"@executable_path/Frameworks",
				);
				MARKETING_VERSION = 1.0;
				OTHER_SWIFT_FLAGS = "-DDEV";
				PRODUCT_BUNDLE_IDENTIFIER = gusta.App;
				PRODUCT_NAME = "$(TARGET_NAME)";
				SUPPORTED_PLATFORMS = "iphoneos iphonesimulator";
				SUPPORTS_MACCATALYST = NO;
				SUPPORTS_MAC_DESIGNED_FOR_IPHONE_IPAD = YES;
				SWIFT_EMIT_LOC_STRINGS = YES;
				SWIFT_VERSION = 5.0;
				TARGETED_DEVICE_FAMILY = 1;
			};
			name = Release;
		};
		B796F9D02948BCE000910A0A /* Debug */ = {
			isa = XCBuildConfiguration;
			buildSettings = {
				ALWAYS_EMBED_SWIFT_STANDARD_LIBRARIES = YES;
				BUNDLE_LOADER = "$(TEST_HOST)";
				CODE_SIGN_STYLE = Automatic;
				CURRENT_PROJECT_VERSION = 1;
				DEVELOPMENT_TEAM = RHBH6Q62PG;
				GENERATE_INFOPLIST_FILE = YES;
				IPHONEOS_DEPLOYMENT_TARGET = 15.0;
				MARKETING_VERSION = 1.0;
				PRODUCT_BUNDLE_IDENTIFIER = gusta.AppTests;
				PRODUCT_NAME = "$(TARGET_NAME)";
				SUPPORTED_PLATFORMS = "iphoneos iphonesimulator";
				SUPPORTS_MACCATALYST = NO;
				SUPPORTS_MAC_DESIGNED_FOR_IPHONE_IPAD = YES;
				SWIFT_EMIT_LOC_STRINGS = NO;
				SWIFT_VERSION = 5.0;
				TARGETED_DEVICE_FAMILY = 1;
				TEST_HOST = "$(BUILT_PRODUCTS_DIR)/App.app/$(BUNDLE_EXECUTABLE_FOLDER_PATH)/App";
			};
			name = Debug;
		};
		B796F9D12948BCE000910A0A /* Release */ = {
			isa = XCBuildConfiguration;
			buildSettings = {
				ALWAYS_EMBED_SWIFT_STANDARD_LIBRARIES = YES;
				BUNDLE_LOADER = "$(TEST_HOST)";
				CODE_SIGN_STYLE = Automatic;
				CURRENT_PROJECT_VERSION = 1;
				DEVELOPMENT_TEAM = RHBH6Q62PG;
				GENERATE_INFOPLIST_FILE = YES;
				IPHONEOS_DEPLOYMENT_TARGET = 15.0;
				MARKETING_VERSION = 1.0;
				PRODUCT_BUNDLE_IDENTIFIER = gusta.AppTests;
				PRODUCT_NAME = "$(TARGET_NAME)";
				SUPPORTED_PLATFORMS = "iphoneos iphonesimulator";
				SUPPORTS_MACCATALYST = NO;
				SUPPORTS_MAC_DESIGNED_FOR_IPHONE_IPAD = YES;
				SWIFT_EMIT_LOC_STRINGS = NO;
				SWIFT_VERSION = 5.0;
				TARGETED_DEVICE_FAMILY = 1;
				TEST_HOST = "$(BUILT_PRODUCTS_DIR)/App.app/$(BUNDLE_EXECUTABLE_FOLDER_PATH)/App";
			};
			name = Release;
		};
		B796F9D32948BCE000910A0A /* Debug */ = {
			isa = XCBuildConfiguration;
			buildSettings = {
				ALWAYS_EMBED_SWIFT_STANDARD_LIBRARIES = YES;
				CODE_SIGN_STYLE = Automatic;
				CURRENT_PROJECT_VERSION = 1;
				DEVELOPMENT_TEAM = RHBH6Q62PG;
				GENERATE_INFOPLIST_FILE = YES;
				MARKETING_VERSION = 1.0;
				PRODUCT_BUNDLE_IDENTIFIER = gusta.AppUITests;
				PRODUCT_NAME = "$(TARGET_NAME)";
				SWIFT_EMIT_LOC_STRINGS = NO;
				SWIFT_VERSION = 5.0;
				TARGETED_DEVICE_FAMILY = "1,2";
				TEST_TARGET_NAME = App;
			};
			name = Debug;
		};
		B796F9D42948BCE000910A0A /* Release */ = {
			isa = XCBuildConfiguration;
			buildSettings = {
				ALWAYS_EMBED_SWIFT_STANDARD_LIBRARIES = YES;
				CODE_SIGN_STYLE = Automatic;
				CURRENT_PROJECT_VERSION = 1;
				DEVELOPMENT_TEAM = RHBH6Q62PG;
				GENERATE_INFOPLIST_FILE = YES;
				MARKETING_VERSION = 1.0;
				PRODUCT_BUNDLE_IDENTIFIER = gusta.AppUITests;
				PRODUCT_NAME = "$(TARGET_NAME)";
				SWIFT_EMIT_LOC_STRINGS = NO;
				SWIFT_VERSION = 5.0;
				TARGETED_DEVICE_FAMILY = "1,2";
				TEST_TARGET_NAME = App;
			};
			name = Release;
		};
/* End XCBuildConfiguration section */

/* Begin XCConfigurationList section */
		B7524B5A295368890010FFDE /* Build configuration list for PBXNativeTarget "App_QA" */ = {
			isa = XCConfigurationList;
			buildConfigurations = (
				B7524B5B295368890010FFDE /* Debug */,
				B7524B5C295368890010FFDE /* Release */,
			);
			defaultConfigurationIsVisible = 0;
			defaultConfigurationName = Release;
		};
		B7524B742953689C0010FFDE /* Build configuration list for PBXNativeTarget "App_PROD" */ = {
			isa = XCConfigurationList;
			buildConfigurations = (
				B7524B752953689C0010FFDE /* Debug */,
				B7524B762953689C0010FFDE /* Release */,
			);
			defaultConfigurationIsVisible = 0;
			defaultConfigurationName = Release;
		};
		B796F99D2948BCDE00910A0A /* Build configuration list for PBXProject "App" */ = {
			isa = XCConfigurationList;
			buildConfigurations = (
				B796F9CA2948BCE000910A0A /* Debug */,
				B796F9CB2948BCE000910A0A /* Release */,
			);
			defaultConfigurationIsVisible = 0;
			defaultConfigurationName = Release;
		};
		B796F9CC2948BCE000910A0A /* Build configuration list for PBXNativeTarget "App_DEV" */ = {
			isa = XCConfigurationList;
			buildConfigurations = (
				B796F9CD2948BCE000910A0A /* Debug */,
				B796F9CE2948BCE000910A0A /* Release */,
			);
			defaultConfigurationIsVisible = 0;
			defaultConfigurationName = Release;
		};
		B796F9CF2948BCE000910A0A /* Build configuration list for PBXNativeTarget "AppTests" */ = {
			isa = XCConfigurationList;
			buildConfigurations = (
				B796F9D02948BCE000910A0A /* Debug */,
				B796F9D12948BCE000910A0A /* Release */,
			);
			defaultConfigurationIsVisible = 0;
			defaultConfigurationName = Release;
		};
		B796F9D22948BCE000910A0A /* Build configuration list for PBXNativeTarget "AppUITests" */ = {
			isa = XCConfigurationList;
			buildConfigurations = (
				B796F9D32948BCE000910A0A /* Debug */,
				B796F9D42948BCE000910A0A /* Release */,
			);
			defaultConfigurationIsVisible = 0;
			defaultConfigurationName = Release;
		};
/* End XCConfigurationList section */

/* Begin XCRemoteSwiftPackageReference section */
		B7EF647829B7A9A200A372DF /* XCRemoteSwiftPackageReference "IOS-Design-System" */ = {
			isa = XCRemoteSwiftPackageReference;
			repositoryURL = "https://github.com/gu7araujo/IOS-Design-System";
			requirement = {
				branch = main;
				kind = branch;
			};
		};
/* End XCRemoteSwiftPackageReference section */

/* Begin XCSwiftPackageProductDependency section */
		B7EF647929B7A9A200A372DF /* DesignSystem */ = {
			isa = XCSwiftPackageProductDependency;
			package = B7EF647829B7A9A200A372DF /* XCRemoteSwiftPackageReference "IOS-Design-System" */;
			productName = DesignSystem;
		};
/* End XCSwiftPackageProductDependency section */
	};
	rootObject = B796F99A2948BCDE00910A0A /* Project object */;
}
