// !$*UTF8*$!
{
	archiveVersion = 1;
	classes = {
	};
	objectVersion = 56;
	objects = {

/* Begin PBXBuildFile section */
		B73A2FDE29494E86002C08C9 /* AppCoordinator.swift in Sources */ = {isa = PBXBuildFile; fileRef = B73A2FDD29494E86002C08C9 /* AppCoordinator.swift */; };
		B73A2FE0294953DA002C08C9 /* TabCoordinator.swift in Sources */ = {isa = PBXBuildFile; fileRef = B73A2FDF294953DA002C08C9 /* TabCoordinator.swift */; };
		B796F9A62948BCDE00910A0A /* AppDelegate.swift in Sources */ = {isa = PBXBuildFile; fileRef = B796F9A52948BCDE00910A0A /* AppDelegate.swift */; };
		B796F9A82948BCDE00910A0A /* SceneDelegate.swift in Sources */ = {isa = PBXBuildFile; fileRef = B796F9A72948BCDE00910A0A /* SceneDelegate.swift */; };
		B796F9AF2948BCE000910A0A /* Assets.xcassets in Resources */ = {isa = PBXBuildFile; fileRef = B796F9AE2948BCE000910A0A /* Assets.xcassets */; };
		B796F9B22948BCE000910A0A /* LaunchScreen.storyboard in Resources */ = {isa = PBXBuildFile; fileRef = B796F9B02948BCE000910A0A /* LaunchScreen.storyboard */; };
		B796F9BD2948BCE000910A0A /* AppTests.swift in Sources */ = {isa = PBXBuildFile; fileRef = B796F9BC2948BCE000910A0A /* AppTests.swift */; };
		B796F9C72948BCE000910A0A /* AppUITests.swift in Sources */ = {isa = PBXBuildFile; fileRef = B796F9C62948BCE000910A0A /* AppUITests.swift */; };
		B796F9C92948BCE000910A0A /* AppUITestsLaunchTests.swift in Sources */ = {isa = PBXBuildFile; fileRef = B796F9C82948BCE000910A0A /* AppUITestsLaunchTests.swift */; };
		B796FA3E2949015500910A0A /* Shared.framework in Frameworks */ = {isa = PBXBuildFile; fileRef = B796FA3D2949015500910A0A /* Shared.framework */; };
		B796FA3F2949015500910A0A /* Shared.framework in Embed Frameworks */ = {isa = PBXBuildFile; fileRef = B796FA3D2949015500910A0A /* Shared.framework */; settings = {ATTRIBUTES = (CodeSignOnCopy, RemoveHeadersOnCopy, ); }; };
		B796FA422949015A00910A0A /* Home.framework in Frameworks */ = {isa = PBXBuildFile; fileRef = B796FA412949015A00910A0A /* Home.framework */; };
		B796FA432949015A00910A0A /* Home.framework in Embed Frameworks */ = {isa = PBXBuildFile; fileRef = B796FA412949015A00910A0A /* Home.framework */; settings = {ATTRIBUTES = (CodeSignOnCopy, RemoveHeadersOnCopy, ); }; };
		B796FA452949015F00910A0A /* Menu.framework in Frameworks */ = {isa = PBXBuildFile; fileRef = B796FA442949015F00910A0A /* Menu.framework */; };
		B796FA462949015F00910A0A /* Menu.framework in Embed Frameworks */ = {isa = PBXBuildFile; fileRef = B796FA442949015F00910A0A /* Menu.framework */; settings = {ATTRIBUTES = (CodeSignOnCopy, RemoveHeadersOnCopy, ); }; };
/* End PBXBuildFile section */

/* Begin PBXContainerItemProxy section */
		B796F9B92948BCE000910A0A /* PBXContainerItemProxy */ = {
			isa = PBXContainerItemProxy;
			containerPortal = B796F99A2948BCDE00910A0A /* Project object */;
			proxyType = 1;
			remoteGlobalIDString = B796F9A12948BCDE00910A0A;
			remoteInfo = App;
		};
		B796F9C32948BCE000910A0A /* PBXContainerItemProxy */ = {
			isa = PBXContainerItemProxy;
			containerPortal = B796F99A2948BCDE00910A0A /* Project object */;
			proxyType = 1;
			remoteGlobalIDString = B796F9A12948BCDE00910A0A;
			remoteInfo = App;
		};
/* End PBXContainerItemProxy section */

/* Begin PBXCopyFilesBuildPhase section */
		B796FA402949015500910A0A /* Embed Frameworks */ = {
			isa = PBXCopyFilesBuildPhase;
			buildActionMask = 2147483647;
			dstPath = "";
			dstSubfolderSpec = 10;
			files = (
				B796FA3F2949015500910A0A /* Shared.framework in Embed Frameworks */,
				B796FA462949015F00910A0A /* Menu.framework in Embed Frameworks */,
				B796FA432949015A00910A0A /* Home.framework in Embed Frameworks */,
			);
			name = "Embed Frameworks";
			runOnlyForDeploymentPostprocessing = 0;
		};
/* End PBXCopyFilesBuildPhase section */

/* Begin PBXFileReference section */
		B73A2FDD29494E86002C08C9 /* AppCoordinator.swift */ = {isa = PBXFileReference; lastKnownFileType = sourcecode.swift; path = AppCoordinator.swift; sourceTree = "<group>"; };
		B73A2FDF294953DA002C08C9 /* TabCoordinator.swift */ = {isa = PBXFileReference; lastKnownFileType = sourcecode.swift; path = TabCoordinator.swift; sourceTree = "<group>"; };
		B796F9A22948BCDE00910A0A /* App.app */ = {isa = PBXFileReference; explicitFileType = wrapper.application; includeInIndex = 0; path = App.app; sourceTree = BUILT_PRODUCTS_DIR; };
		B796F9A52948BCDE00910A0A /* AppDelegate.swift */ = {isa = PBXFileReference; lastKnownFileType = sourcecode.swift; path = AppDelegate.swift; sourceTree = "<group>"; };
		B796F9A72948BCDE00910A0A /* SceneDelegate.swift */ = {isa = PBXFileReference; lastKnownFileType = sourcecode.swift; path = SceneDelegate.swift; sourceTree = "<group>"; };
		B796F9AE2948BCE000910A0A /* Assets.xcassets */ = {isa = PBXFileReference; lastKnownFileType = folder.assetcatalog; path = Assets.xcassets; sourceTree = "<group>"; };
		B796F9B12948BCE000910A0A /* Base */ = {isa = PBXFileReference; lastKnownFileType = file.storyboard; name = Base; path = Base.lproj/LaunchScreen.storyboard; sourceTree = "<group>"; };
		B796F9B32948BCE000910A0A /* Info.plist */ = {isa = PBXFileReference; lastKnownFileType = text.plist.xml; path = Info.plist; sourceTree = "<group>"; };
		B796F9B82948BCE000910A0A /* AppTests.xctest */ = {isa = PBXFileReference; explicitFileType = wrapper.cfbundle; includeInIndex = 0; path = AppTests.xctest; sourceTree = BUILT_PRODUCTS_DIR; };
		B796F9BC2948BCE000910A0A /* AppTests.swift */ = {isa = PBXFileReference; lastKnownFileType = sourcecode.swift; path = AppTests.swift; sourceTree = "<group>"; };
		B796F9C22948BCE000910A0A /* AppUITests.xctest */ = {isa = PBXFileReference; explicitFileType = wrapper.cfbundle; includeInIndex = 0; path = AppUITests.xctest; sourceTree = BUILT_PRODUCTS_DIR; };
		B796F9C62948BCE000910A0A /* AppUITests.swift */ = {isa = PBXFileReference; lastKnownFileType = sourcecode.swift; path = AppUITests.swift; sourceTree = "<group>"; };
		B796F9C82948BCE000910A0A /* AppUITestsLaunchTests.swift */ = {isa = PBXFileReference; lastKnownFileType = sourcecode.swift; path = AppUITestsLaunchTests.swift; sourceTree = "<group>"; };
		B796FA3D2949015500910A0A /* Shared.framework */ = {isa = PBXFileReference; explicitFileType = wrapper.framework; path = Shared.framework; sourceTree = BUILT_PRODUCTS_DIR; };
		B796FA412949015A00910A0A /* Home.framework */ = {isa = PBXFileReference; explicitFileType = wrapper.framework; path = Home.framework; sourceTree = BUILT_PRODUCTS_DIR; };
		B796FA442949015F00910A0A /* Menu.framework */ = {isa = PBXFileReference; explicitFileType = wrapper.framework; path = Menu.framework; sourceTree = BUILT_PRODUCTS_DIR; };
/* End PBXFileReference section */

/* Begin PBXFrameworksBuildPhase section */
		B796F99F2948BCDE00910A0A /* Frameworks */ = {
			isa = PBXFrameworksBuildPhase;
			buildActionMask = 2147483647;
			files = (
				B796FA3E2949015500910A0A /* Shared.framework in Frameworks */,
				B796FA452949015F00910A0A /* Menu.framework in Frameworks */,
				B796FA422949015A00910A0A /* Home.framework in Frameworks */,
			);
			runOnlyForDeploymentPostprocessing = 0;
		};
		B796F9B52948BCE000910A0A /* Frameworks */ = {
			isa = PBXFrameworksBuildPhase;
			buildActionMask = 2147483647;
			files = (
			);
			runOnlyForDeploymentPostprocessing = 0;
		};
		B796F9BF2948BCE000910A0A /* Frameworks */ = {
			isa = PBXFrameworksBuildPhase;
			buildActionMask = 2147483647;
			files = (
			);
			runOnlyForDeploymentPostprocessing = 0;
		};
/* End PBXFrameworksBuildPhase section */

/* Begin PBXGroup section */
		B796F9992948BCDE00910A0A = {
			isa = PBXGroup;
			children = (
				B796F9A42948BCDE00910A0A /* App */,
				B796F9BB2948BCE000910A0A /* AppTests */,
				B796F9C52948BCE000910A0A /* AppUITests */,
				B796F9A32948BCDE00910A0A /* Products */,
				B796FA3C2949015500910A0A /* Frameworks */,
			);
			sourceTree = "<group>";
		};
		B796F9A32948BCDE00910A0A /* Products */ = {
			isa = PBXGroup;
			children = (
				B796F9A22948BCDE00910A0A /* App.app */,
				B796F9B82948BCE000910A0A /* AppTests.xctest */,
				B796F9C22948BCE000910A0A /* AppUITests.xctest */,
			);
			name = Products;
			sourceTree = "<group>";
		};
		B796F9A42948BCDE00910A0A /* App */ = {
			isa = PBXGroup;
			children = (
				B73A2FDF294953DA002C08C9 /* TabCoordinator.swift */,
				B73A2FDD29494E86002C08C9 /* AppCoordinator.swift */,
				B796F9A52948BCDE00910A0A /* AppDelegate.swift */,
				B796F9A72948BCDE00910A0A /* SceneDelegate.swift */,
				B796F9AE2948BCE000910A0A /* Assets.xcassets */,
				B796F9B02948BCE000910A0A /* LaunchScreen.storyboard */,
				B796F9B32948BCE000910A0A /* Info.plist */,
			);
			path = App;
			sourceTree = "<group>";
		};
		B796F9BB2948BCE000910A0A /* AppTests */ = {
			isa = PBXGroup;
			children = (
				B796F9BC2948BCE000910A0A /* AppTests.swift */,
			);
			path = AppTests;
			sourceTree = "<group>";
		};
		B796F9C52948BCE000910A0A /* AppUITests */ = {
			isa = PBXGroup;
			children = (
				B796F9C62948BCE000910A0A /* AppUITests.swift */,
				B796F9C82948BCE000910A0A /* AppUITestsLaunchTests.swift */,
			);
			path = AppUITests;
			sourceTree = "<group>";
		};
		B796FA3C2949015500910A0A /* Frameworks */ = {
			isa = PBXGroup;
			children = (
				B796FA442949015F00910A0A /* Menu.framework */,
				B796FA412949015A00910A0A /* Home.framework */,
				B796FA3D2949015500910A0A /* Shared.framework */,
			);
			name = Frameworks;
			sourceTree = "<group>";
		};
/* End PBXGroup section */

/* Begin PBXNativeTarget section */
		B796F9A12948BCDE00910A0A /* App */ = {
			isa = PBXNativeTarget;
			buildConfigurationList = B796F9CC2948BCE000910A0A /* Build configuration list for PBXNativeTarget "App" */;
			buildPhases = (
				B796F99E2948BCDE00910A0A /* Sources */,
				B796F99F2948BCDE00910A0A /* Frameworks */,
				B796F9A02948BCDE00910A0A /* Resources */,
				B796FA402949015500910A0A /* Embed Frameworks */,
			);
			buildRules = (
			);
			dependencies = (
			);
			name = App;
			productName = App;
			productReference = B796F9A22948BCDE00910A0A /* App.app */;
			productType = "com.apple.product-type.application";
		};
		B796F9B72948BCE000910A0A /* AppTests */ = {
			isa = PBXNativeTarget;
			buildConfigurationList = B796F9CF2948BCE000910A0A /* Build configuration list for PBXNativeTarget "AppTests" */;
			buildPhases = (
				B796F9B42948BCE000910A0A /* Sources */,
				B796F9B52948BCE000910A0A /* Frameworks */,
				B796F9B62948BCE000910A0A /* Resources */,
			);
			buildRules = (
			);
			dependencies = (
				B796F9BA2948BCE000910A0A /* PBXTargetDependency */,
			);
			name = AppTests;
			productName = AppTests;
			productReference = B796F9B82948BCE000910A0A /* AppTests.xctest */;
			productType = "com.apple.product-type.bundle.unit-test";
		};
		B796F9C12948BCE000910A0A /* AppUITests */ = {
			isa = PBXNativeTarget;
			buildConfigurationList = B796F9D22948BCE000910A0A /* Build configuration list for PBXNativeTarget "AppUITests" */;
			buildPhases = (
				B796F9BE2948BCE000910A0A /* Sources */,
				B796F9BF2948BCE000910A0A /* Frameworks */,
				B796F9C02948BCE000910A0A /* Resources */,
			);
			buildRules = (
			);
			dependencies = (
				B796F9C42948BCE000910A0A /* PBXTargetDependency */,
			);
			name = AppUITests;
			productName = AppUITests;
			productReference = B796F9C22948BCE000910A0A /* AppUITests.xctest */;
			productType = "com.apple.product-type.bundle.ui-testing";
		};
/* End PBXNativeTarget section */

/* Begin PBXProject section */
		B796F99A2948BCDE00910A0A /* Project object */ = {
			isa = PBXProject;
			attributes = {
				BuildIndependentTargetsInParallel = 1;
				LastSwiftUpdateCheck = 1400;
				LastUpgradeCheck = 1400;
				TargetAttributes = {
					B796F9A12948BCDE00910A0A = {
						CreatedOnToolsVersion = 14.0.1;
					};
					B796F9B72948BCE000910A0A = {
						CreatedOnToolsVersion = 14.0.1;
						TestTargetID = B796F9A12948BCDE00910A0A;
					};
					B796F9C12948BCE000910A0A = {
						CreatedOnToolsVersion = 14.0.1;
						TestTargetID = B796F9A12948BCDE00910A0A;
					};
				};
			};
			buildConfigurationList = B796F99D2948BCDE00910A0A /* Build configuration list for PBXProject "App" */;
			compatibilityVersion = "Xcode 14.0";
			developmentRegion = en;
			hasScannedForEncodings = 0;
			knownRegions = (
				en,
				Base,
			);
			mainGroup = B796F9992948BCDE00910A0A;
			productRefGroup = B796F9A32948BCDE00910A0A /* Products */;
			projectDirPath = "";
			projectRoot = "";
			targets = (
				B796F9A12948BCDE00910A0A /* App */,
				B796F9B72948BCE000910A0A /* AppTests */,
				B796F9C12948BCE000910A0A /* AppUITests */,
			);
		};
/* End PBXProject section */

/* Begin PBXResourcesBuildPhase section */
		B796F9A02948BCDE00910A0A /* Resources */ = {
			isa = PBXResourcesBuildPhase;
			buildActionMask = 2147483647;
			files = (
				B796F9B22948BCE000910A0A /* LaunchScreen.storyboard in Resources */,
				B796F9AF2948BCE000910A0A /* Assets.xcassets in Resources */,
			);
			runOnlyForDeploymentPostprocessing = 0;
		};
		B796F9B62948BCE000910A0A /* Resources */ = {
			isa = PBXResourcesBuildPhase;
			buildActionMask = 2147483647;
			files = (
			);
			runOnlyForDeploymentPostprocessing = 0;
		};
		B796F9C02948BCE000910A0A /* Resources */ = {
			isa = PBXResourcesBuildPhase;
			buildActionMask = 2147483647;
			files = (
			);
			runOnlyForDeploymentPostprocessing = 0;
		};
/* End PBXResourcesBuildPhase section */

/* Begin PBXSourcesBuildPhase section */
		B796F99E2948BCDE00910A0A /* Sources */ = {
			isa = PBXSourcesBuildPhase;
			buildActionMask = 2147483647;
			files = (
				B73A2FDE29494E86002C08C9 /* AppCoordinator.swift in Sources */,
				B796F9A62948BCDE00910A0A /* AppDelegate.swift in Sources */,
				B73A2FE0294953DA002C08C9 /* TabCoordinator.swift in Sources */,
				B796F9A82948BCDE00910A0A /* SceneDelegate.swift in Sources */,
			);
			runOnlyForDeploymentPostprocessing = 0;
		};
		B796F9B42948BCE000910A0A /* Sources */ = {
			isa = PBXSourcesBuildPhase;
			buildActionMask = 2147483647;
			files = (
				B796F9BD2948BCE000910A0A /* AppTests.swift in Sources */,
			);
			runOnlyForDeploymentPostprocessing = 0;
		};
		B796F9BE2948BCE000910A0A /* Sources */ = {
			isa = PBXSourcesBuildPhase;
			buildActionMask = 2147483647;
			files = (
				B796F9C92948BCE000910A0A /* AppUITestsLaunchTests.swift in Sources */,
				B796F9C72948BCE000910A0A /* AppUITests.swift in Sources */,
			);
			runOnlyForDeploymentPostprocessing = 0;
		};
/* End PBXSourcesBuildPhase section */

/* Begin PBXTargetDependency section */
		B796F9BA2948BCE000910A0A /* PBXTargetDependency */ = {
			isa = PBXTargetDependency;
			target = B796F9A12948BCDE00910A0A /* App */;
			targetProxy = B796F9B92948BCE000910A0A /* PBXContainerItemProxy */;
		};
		B796F9C42948BCE000910A0A /* PBXTargetDependency */ = {
			isa = PBXTargetDependency;
			target = B796F9A12948BCDE00910A0A /* App */;
			targetProxy = B796F9C32948BCE000910A0A /* PBXContainerItemProxy */;
		};
/* End PBXTargetDependency section */

/* Begin PBXVariantGroup section */
		B796F9B02948BCE000910A0A /* LaunchScreen.storyboard */ = {
			isa = PBXVariantGroup;
			children = (
				B796F9B12948BCE000910A0A /* Base */,
			);
			name = LaunchScreen.storyboard;
			sourceTree = "<group>";
		};
/* End PBXVariantGroup section */

/* Begin XCBuildConfiguration section */
		B796F9CA2948BCE000910A0A /* Debug */ = {
			isa = XCBuildConfiguration;
			buildSettings = {
				ALWAYS_SEARCH_USER_PATHS = NO;
				CLANG_ANALYZER_NONNULL = YES;
				CLANG_ANALYZER_NUMBER_OBJECT_CONVERSION = YES_AGGRESSIVE;
				CLANG_CXX_LANGUAGE_STANDARD = "gnu++20";
				CLANG_ENABLE_MODULES = YES;
				CLANG_ENABLE_OBJC_ARC = YES;
				CLANG_ENABLE_OBJC_WEAK = YES;
				CLANG_WARN_BLOCK_CAPTURE_AUTORELEASING = YES;
				CLANG_WARN_BOOL_CONVERSION = YES;
				CLANG_WARN_COMMA = YES;
				CLANG_WARN_CONSTANT_CONVERSION = YES;
				CLANG_WARN_DEPRECATED_OBJC_IMPLEMENTATIONS = YES;
				CLANG_WARN_DIRECT_OBJC_ISA_USAGE = YES_ERROR;
				CLANG_WARN_DOCUMENTATION_COMMENTS = YES;
				CLANG_WARN_EMPTY_BODY = YES;
				CLANG_WARN_ENUM_CONVERSION = YES;
				CLANG_WARN_INFINITE_RECURSION = YES;
				CLANG_WARN_INT_CONVERSION = YES;
				CLANG_WARN_NON_LITERAL_NULL_CONVERSION = YES;
				CLANG_WARN_OBJC_IMPLICIT_RETAIN_SELF = YES;
				CLANG_WARN_OBJC_LITERAL_CONVERSION = YES;
				CLANG_WARN_OBJC_ROOT_CLASS = YES_ERROR;
				CLANG_WARN_QUOTED_INCLUDE_IN_FRAMEWORK_HEADER = YES;
				CLANG_WARN_RANGE_LOOP_ANALYSIS = YES;
				CLANG_WARN_STRICT_PROTOTYPES = YES;
				CLANG_WARN_SUSPICIOUS_MOVE = YES;
				CLANG_WARN_UNGUARDED_AVAILABILITY = YES_AGGRESSIVE;
				CLANG_WARN_UNREACHABLE_CODE = YES;
				CLANG_WARN__DUPLICATE_METHOD_MATCH = YES;
				COPY_PHASE_STRIP = NO;
				DEBUG_INFORMATION_FORMAT = dwarf;
				ENABLE_STRICT_OBJC_MSGSEND = YES;
				ENABLE_TESTABILITY = YES;
				GCC_C_LANGUAGE_STANDARD = gnu11;
				GCC_DYNAMIC_NO_PIC = NO;
				GCC_NO_COMMON_BLOCKS = YES;
				GCC_OPTIMIZATION_LEVEL = 0;
				GCC_PREPROCESSOR_DEFINITIONS = (
					"DEBUG=1",
					"$(inherited)",
				);
				GCC_WARN_64_TO_32_BIT_CONVERSION = YES;
				GCC_WARN_ABOUT_RETURN_TYPE = YES_ERROR;
				GCC_WARN_UNDECLARED_SELECTOR = YES;
				GCC_WARN_UNINITIALIZED_AUTOS = YES_AGGRESSIVE;
				GCC_WARN_UNUSED_FUNCTION = YES;
				GCC_WARN_UNUSED_VARIABLE = YES;
				IPHONEOS_DEPLOYMENT_TARGET = 15.0;
				MTL_ENABLE_DEBUG_INFO = INCLUDE_SOURCE;
				MTL_FAST_MATH = YES;
				ONLY_ACTIVE_ARCH = YES;
				SDKROOT = iphoneos;
				SWIFT_ACTIVE_COMPILATION_CONDITIONS = DEBUG;
				SWIFT_OPTIMIZATION_LEVEL = "-Onone";
			};
			name = Debug;
		};
		B796F9CB2948BCE000910A0A /* Release */ = {
			isa = XCBuildConfiguration;
			buildSettings = {
				ALWAYS_SEARCH_USER_PATHS = NO;
				CLANG_ANALYZER_NONNULL = YES;
				CLANG_ANALYZER_NUMBER_OBJECT_CONVERSION = YES_AGGRESSIVE;
				CLANG_CXX_LANGUAGE_STANDARD = "gnu++20";
				CLANG_ENABLE_MODULES = YES;
				CLANG_ENABLE_OBJC_ARC = YES;
				CLANG_ENABLE_OBJC_WEAK = YES;
				CLANG_WARN_BLOCK_CAPTURE_AUTORELEASING = YES;
				CLANG_WARN_BOOL_CONVERSION = YES;
				CLANG_WARN_COMMA = YES;
				CLANG_WARN_CONSTANT_CONVERSION = YES;
				CLANG_WARN_DEPRECATED_OBJC_IMPLEMENTATIONS = YES;
				CLANG_WARN_DIRECT_OBJC_ISA_USAGE = YES_ERROR;
				CLANG_WARN_DOCUMENTATION_COMMENTS = YES;
				CLANG_WARN_EMPTY_BODY = YES;
				CLANG_WARN_ENUM_CONVERSION = YES;
				CLANG_WARN_INFINITE_RECURSION = YES;
				CLANG_WARN_INT_CONVERSION = YES;
				CLANG_WARN_NON_LITERAL_NULL_CONVERSION = YES;
				CLANG_WARN_OBJC_IMPLICIT_RETAIN_SELF = YES;
				CLANG_WARN_OBJC_LITERAL_CONVERSION = YES;
				CLANG_WARN_OBJC_ROOT_CLASS = YES_ERROR;
				CLANG_WARN_QUOTED_INCLUDE_IN_FRAMEWORK_HEADER = YES;
				CLANG_WARN_RANGE_LOOP_ANALYSIS = YES;
				CLANG_WARN_STRICT_PROTOTYPES = YES;
				CLANG_WARN_SUSPICIOUS_MOVE = YES;
				CLANG_WARN_UNGUARDED_AVAILABILITY = YES_AGGRESSIVE;
				CLANG_WARN_UNREACHABLE_CODE = YES;
				CLANG_WARN__DUPLICATE_METHOD_MATCH = YES;
				COPY_PHASE_STRIP = NO;
				DEBUG_INFORMATION_FORMAT = "dwarf-with-dsym";
				ENABLE_NS_ASSERTIONS = NO;
				ENABLE_STRICT_OBJC_MSGSEND = YES;
				GCC_C_LANGUAGE_STANDARD = gnu11;
				GCC_NO_COMMON_BLOCKS = YES;
				GCC_WARN_64_TO_32_BIT_CONVERSION = YES;
				GCC_WARN_ABOUT_RETURN_TYPE = YES_ERROR;
				GCC_WARN_UNDECLARED_SELECTOR = YES;
				GCC_WARN_UNINITIALIZED_AUTOS = YES_AGGRESSIVE;
				GCC_WARN_UNUSED_FUNCTION = YES;
				GCC_WARN_UNUSED_VARIABLE = YES;
				IPHONEOS_DEPLOYMENT_TARGET = 15.0;
				MTL_ENABLE_DEBUG_INFO = NO;
				MTL_FAST_MATH = YES;
				SDKROOT = iphoneos;
				SWIFT_COMPILATION_MODE = wholemodule;
				SWIFT_OPTIMIZATION_LEVEL = "-O";
				VALIDATE_PRODUCT = YES;
			};
			name = Release;
		};
		B796F9CD2948BCE000910A0A /* Debug */ = {
			isa = XCBuildConfiguration;
			buildSettings = {
				ASSETCATALOG_COMPILER_APPICON_NAME = AppIcon;
				ASSETCATALOG_COMPILER_GLOBAL_ACCENT_COLOR_NAME = AccentColor;
				CODE_SIGN_STYLE = Automatic;
				CURRENT_PROJECT_VERSION = 1;
				DEVELOPMENT_TEAM = RHBH6Q62PG;
				GENERATE_INFOPLIST_FILE = YES;
				INFOPLIST_FILE = App/Info.plist;
				INFOPLIST_KEY_CFBundleDisplayName = "Gustavo APP";
				INFOPLIST_KEY_LSApplicationCategoryType = "public.app-category.education";
				INFOPLIST_KEY_UIApplicationSupportsIndirectInputEvents = YES;
				INFOPLIST_KEY_UILaunchStoryboardName = LaunchScreen;
				INFOPLIST_KEY_UISupportedInterfaceOrientations = "UIInterfaceOrientationLandscapeRight UIInterfaceOrientationPortrait";
				INFOPLIST_KEY_UISupportedInterfaceOrientations_iPad = "UIInterfaceOrientationLandscapeLeft UIInterfaceOrientationLandscapeRight UIInterfaceOrientationPortrait UIInterfaceOrientationPortraitUpsideDown";
				IPHONEOS_DEPLOYMENT_TARGET = 15.0;
				LD_RUNPATH_SEARCH_PATHS = (
					"$(inherited)",
					"@executable_path/Frameworks",
				);
				MARKETING_VERSION = 1.0;
				PRODUCT_BUNDLE_IDENTIFIER = gusta.App;
				PRODUCT_NAME = "$(TARGET_NAME)";
				SUPPORTED_PLATFORMS = "iphoneos iphonesimulator";
				SUPPORTS_MACCATALYST = NO;
				SUPPORTS_MAC_DESIGNED_FOR_IPHONE_IPAD = YES;
				SWIFT_EMIT_LOC_STRINGS = YES;
				SWIFT_VERSION = 5.0;
				TARGETED_DEVICE_FAMILY = 1;
			};
			name = Debug;
		};
		B796F9CE2948BCE000910A0A /* Release */ = {
			isa = XCBuildConfiguration;
			buildSettings = {
				ASSETCATALOG_COMPILER_APPICON_NAME = AppIcon;
				ASSETCATALOG_COMPILER_GLOBAL_ACCENT_COLOR_NAME = AccentColor;
				CODE_SIGN_STYLE = Automatic;
				CURRENT_PROJECT_VERSION = 1;
				DEVELOPMENT_TEAM = RHBH6Q62PG;
				GENERATE_INFOPLIST_FILE = YES;
				INFOPLIST_FILE = App/Info.plist;
				INFOPLIST_KEY_CFBundleDisplayName = "Gustavo APP";
				INFOPLIST_KEY_LSApplicationCategoryType = "public.app-category.education";
				INFOPLIST_KEY_UIApplicationSupportsIndirectInputEvents = YES;
				INFOPLIST_KEY_UILaunchStoryboardName = LaunchScreen;
				INFOPLIST_KEY_UISupportedInterfaceOrientations = "UIInterfaceOrientationLandscapeRight UIInterfaceOrientationPortrait";
				INFOPLIST_KEY_UISupportedInterfaceOrientations_iPad = "UIInterfaceOrientationLandscapeLeft UIInterfaceOrientationLandscapeRight UIInterfaceOrientationPortrait UIInterfaceOrientationPortraitUpsideDown";
				IPHONEOS_DEPLOYMENT_TARGET = 15.0;
				LD_RUNPATH_SEARCH_PATHS = (
					"$(inherited)",
					"@executable_path/Frameworks",
				);
				MARKETING_VERSION = 1.0;
				PRODUCT_BUNDLE_IDENTIFIER = gusta.App;
				PRODUCT_NAME = "$(TARGET_NAME)";
				SUPPORTED_PLATFORMS = "iphoneos iphonesimulator";
				SUPPORTS_MACCATALYST = NO;
				SUPPORTS_MAC_DESIGNED_FOR_IPHONE_IPAD = YES;
				SWIFT_EMIT_LOC_STRINGS = YES;
				SWIFT_VERSION = 5.0;
				TARGETED_DEVICE_FAMILY = 1;
			};
			name = Release;
		};
		B796F9D02948BCE000910A0A /* Debug */ = {
			isa = XCBuildConfiguration;
			buildSettings = {
				ALWAYS_EMBED_SWIFT_STANDARD_LIBRARIES = YES;
				BUNDLE_LOADER = "$(TEST_HOST)";
				CODE_SIGN_STYLE = Automatic;
				CURRENT_PROJECT_VERSION = 1;
				DEVELOPMENT_TEAM = RHBH6Q62PG;
				GENERATE_INFOPLIST_FILE = YES;
				IPHONEOS_DEPLOYMENT_TARGET = 16.0;
				MARKETING_VERSION = 1.0;
				PRODUCT_BUNDLE_IDENTIFIER = gusta.AppTests;
				PRODUCT_NAME = "$(TARGET_NAME)";
				SWIFT_EMIT_LOC_STRINGS = NO;
				SWIFT_VERSION = 5.0;
				TARGETED_DEVICE_FAMILY = "1,2";
				TEST_HOST = "$(BUILT_PRODUCTS_DIR)/App.app/$(BUNDLE_EXECUTABLE_FOLDER_PATH)/App";
			};
			name = Debug;
		};
		B796F9D12948BCE000910A0A /* Release */ = {
			isa = XCBuildConfiguration;
			buildSettings = {
				ALWAYS_EMBED_SWIFT_STANDARD_LIBRARIES = YES;
				BUNDLE_LOADER = "$(TEST_HOST)";
				CODE_SIGN_STYLE = Automatic;
				CURRENT_PROJECT_VERSION = 1;
				DEVELOPMENT_TEAM = RHBH6Q62PG;
				GENERATE_INFOPLIST_FILE = YES;
				IPHONEOS_DEPLOYMENT_TARGET = 16.0;
				MARKETING_VERSION = 1.0;
				PRODUCT_BUNDLE_IDENTIFIER = gusta.AppTests;
				PRODUCT_NAME = "$(TARGET_NAME)";
				SWIFT_EMIT_LOC_STRINGS = NO;
				SWIFT_VERSION = 5.0;
				TARGETED_DEVICE_FAMILY = "1,2";
				TEST_HOST = "$(BUILT_PRODUCTS_DIR)/App.app/$(BUNDLE_EXECUTABLE_FOLDER_PATH)/App";
			};
			name = Release;
		};
		B796F9D32948BCE000910A0A /* Debug */ = {
			isa = XCBuildConfiguration;
			buildSettings = {
				ALWAYS_EMBED_SWIFT_STANDARD_LIBRARIES = YES;
				CODE_SIGN_STYLE = Automatic;
				CURRENT_PROJECT_VERSION = 1;
				DEVELOPMENT_TEAM = RHBH6Q62PG;
				GENERATE_INFOPLIST_FILE = YES;
				MARKETING_VERSION = 1.0;
				PRODUCT_BUNDLE_IDENTIFIER = gusta.AppUITests;
				PRODUCT_NAME = "$(TARGET_NAME)";
				SWIFT_EMIT_LOC_STRINGS = NO;
				SWIFT_VERSION = 5.0;
				TARGETED_DEVICE_FAMILY = "1,2";
				TEST_TARGET_NAME = App;
			};
			name = Debug;
		};
		B796F9D42948BCE000910A0A /* Release */ = {
			isa = XCBuildConfiguration;
			buildSettings = {
				ALWAYS_EMBED_SWIFT_STANDARD_LIBRARIES = YES;
				CODE_SIGN_STYLE = Automatic;
				CURRENT_PROJECT_VERSION = 1;
				DEVELOPMENT_TEAM = RHBH6Q62PG;
				GENERATE_INFOPLIST_FILE = YES;
				MARKETING_VERSION = 1.0;
				PRODUCT_BUNDLE_IDENTIFIER = gusta.AppUITests;
				PRODUCT_NAME = "$(TARGET_NAME)";
				SWIFT_EMIT_LOC_STRINGS = NO;
				SWIFT_VERSION = 5.0;
				TARGETED_DEVICE_FAMILY = "1,2";
				TEST_TARGET_NAME = App;
			};
			name = Release;
		};
/* End XCBuildConfiguration section */

/* Begin XCConfigurationList section */
		B796F99D2948BCDE00910A0A /* Build configuration list for PBXProject "App" */ = {
			isa = XCConfigurationList;
			buildConfigurations = (
				B796F9CA2948BCE000910A0A /* Debug */,
				B796F9CB2948BCE000910A0A /* Release */,
			);
			defaultConfigurationIsVisible = 0;
			defaultConfigurationName = Release;
		};
		B796F9CC2948BCE000910A0A /* Build configuration list for PBXNativeTarget "App" */ = {
			isa = XCConfigurationList;
			buildConfigurations = (
				B796F9CD2948BCE000910A0A /* Debug */,
				B796F9CE2948BCE000910A0A /* Release */,
			);
			defaultConfigurationIsVisible = 0;
			defaultConfigurationName = Release;
		};
		B796F9CF2948BCE000910A0A /* Build configuration list for PBXNativeTarget "AppTests" */ = {
			isa = XCConfigurationList;
			buildConfigurations = (
				B796F9D02948BCE000910A0A /* Debug */,
				B796F9D12948BCE000910A0A /* Release */,
			);
			defaultConfigurationIsVisible = 0;
			defaultConfigurationName = Release;
		};
		B796F9D22948BCE000910A0A /* Build configuration list for PBXNativeTarget "AppUITests" */ = {
			isa = XCConfigurationList;
			buildConfigurations = (
				B796F9D32948BCE000910A0A /* Debug */,
				B796F9D42948BCE000910A0A /* Release */,
			);
			defaultConfigurationIsVisible = 0;
			defaultConfigurationName = Release;
		};
/* End XCConfigurationList section */
	};
	rootObject = B796F99A2948BCDE00910A0A /* Project object */;
}
