{
  "pins" : [
    {
      "identity" : "ios-design-system",
      "kind" : "remoteSourceControl",
      "location" : "https://github.com/gu7araujo/IOS-Design-System",
      "state" : {
        "branch" : "main",
        "revision" : "c596ccee79128607be3e1201210faa00e7cc676e"
      }
    },
    {
      "identity" : "lottie-ios",
      "kind" : "remoteSourceControl",
      "location" : "https://github.com/airbnb/lottie-ios.git",
      "state" : {
        "revision" : "a4622b4d6fdbe76cc5487bc27e84029abaf07217",
        "version" : "4.0.1"
      }
    }
  ],
  "version" : 2
}
