{
  "pins" : [
    {
      "identity" : "ios-design-system",
      "kind" : "remoteSourceControl",
      "location" : "https://github.com/gu7araujo/IOS-Design-System",
      "state" : {
        "branch" : "main",
        "revision" : "7dd60f8cf351a45852b0ffd2e731f329ff29dd82"
      }
    },
    {
      "identity" : "lottie-ios",
      "kind" : "remoteSourceControl",
      "location" : "https://github.com/airbnb/lottie-ios.git",
      "state" : {
        "revision" : "a4622b4d6fdbe76cc5487bc27e84029abaf07217",
        "version" : "4.0.1"
      }
    }
  ],
  "version" : 2
}
