// !$*UTF8*$!
{
	archiveVersion = 1;
	classes = {
	};
	objectVersion = 56;
	objects = {

/* Begin PBXBuildFile section */
		A333C2F4634A48F2B12D9E03 /* Pods_Shared.framework in Frameworks */ = {isa = PBXBuildFile; fileRef = 33FA939E6C62F71448AFC9D0 /* Pods_Shared.framework */; };
		B73A2FDC29494D5D002C08C9 /* CoordinatorProtocol.swift in Sources */ = {isa = PBXBuildFile; fileRef = B73A2FDB29494D5D002C08C9 /* CoordinatorProtocol.swift */; };
		B74704A3297076C8002A4980 /* Lottie in Frameworks */ = {isa = PBXBuildFile; productRef = B74704A2297076C8002A4980 /* Lottie */; };
		B758ADB729552C3D0071EB22 /* Session.swift in Sources */ = {isa = PBXBuildFile; fileRef = B758ADB629552C3D0071EB22 /* Session.swift */; };
		B796F9E92948FFD700910A0A /* Shared.framework in Frameworks */ = {isa = PBXBuildFile; fileRef = B796F9E02948FFD600910A0A /* Shared.framework */; };
		B796F9EE2948FFD700910A0A /* SharedTests.swift in Sources */ = {isa = PBXBuildFile; fileRef = B796F9ED2948FFD700910A0A /* SharedTests.swift */; };
		B7A8993A297F08C300050EDF /* RemoteConfigValues.swift in Sources */ = {isa = PBXBuildFile; fileRef = B7A89939297F08C300050EDF /* RemoteConfigValues.swift */; };
		B7AA2DB92955D01C00E8F55A /* KeychainHelper.swift in Sources */ = {isa = PBXBuildFile; fileRef = B7AA2DB82955D01C00E8F55A /* KeychainHelper.swift */; };
		B7EF647729B7A96700A372DF /* DesignSystem in Frameworks */ = {isa = PBXBuildFile; productRef = B7EF647629B7A96700A372DF /* DesignSystem */; };
		BF88A75865EDD2CC5AAB7FEA /* Pods_Shared_SharedTests.framework in Frameworks */ = {isa = PBXBuildFile; fileRef = 378776A0879C9CAB09DC1714 /* Pods_Shared_SharedTests.framework */; };
/* End PBXBuildFile section */

/* Begin PBXContainerItemProxy section */
		B796F9EA2948FFD700910A0A /* PBXContainerItemProxy */ = {
			isa = PBXContainerItemProxy;
			containerPortal = B796F9D72948FFD600910A0A /* Project object */;
			proxyType = 1;
			remoteGlobalIDString = B796F9DF2948FFD600910A0A;
			remoteInfo = Shared;
		};
/* End PBXContainerItemProxy section */

/* Begin PBXFileReference section */
		0797D296CDFA9C860013B089 /* Pods-Shared.debug.xcconfig */ = {isa = PBXFileReference; includeInIndex = 1; lastKnownFileType = text.xcconfig; name = "Pods-Shared.debug.xcconfig"; path = "Target Support Files/Pods-Shared/Pods-Shared.debug.xcconfig"; sourceTree = "<group>"; };
		28F8217F44CD1BB10F7D1121 /* Pods-Shared.release.xcconfig */ = {isa = PBXFileReference; includeInIndex = 1; lastKnownFileType = text.xcconfig; name = "Pods-Shared.release.xcconfig"; path = "Target Support Files/Pods-Shared/Pods-Shared.release.xcconfig"; sourceTree = "<group>"; };
		33FA939E6C62F71448AFC9D0 /* Pods_Shared.framework */ = {isa = PBXFileReference; explicitFileType = wrapper.framework; includeInIndex = 0; path = Pods_Shared.framework; sourceTree = BUILT_PRODUCTS_DIR; };
		378776A0879C9CAB09DC1714 /* Pods_Shared_SharedTests.framework */ = {isa = PBXFileReference; explicitFileType = wrapper.framework; includeInIndex = 0; path = Pods_Shared_SharedTests.framework; sourceTree = BUILT_PRODUCTS_DIR; };
		96C3B2BEEB58022115DF7F2A /* Pods-Shared-SharedTests.release.xcconfig */ = {isa = PBXFileReference; includeInIndex = 1; lastKnownFileType = text.xcconfig; name = "Pods-Shared-SharedTests.release.xcconfig"; path = "Target Support Files/Pods-Shared-SharedTests/Pods-Shared-SharedTests.release.xcconfig"; sourceTree = "<group>"; };
		B73A2FDB29494D5D002C08C9 /* CoordinatorProtocol.swift */ = {isa = PBXFileReference; lastKnownFileType = sourcecode.swift; path = CoordinatorProtocol.swift; sourceTree = "<group>"; };
		B758ADB629552C3D0071EB22 /* Session.swift */ = {isa = PBXFileReference; lastKnownFileType = sourcecode.swift; path = Session.swift; sourceTree = "<group>"; };
		B796F9E02948FFD600910A0A /* Shared.framework */ = {isa = PBXFileReference; explicitFileType = wrapper.framework; includeInIndex = 0; path = Shared.framework; sourceTree = BUILT_PRODUCTS_DIR; };
		B796F9E82948FFD700910A0A /* SharedTests.xctest */ = {isa = PBXFileReference; explicitFileType = wrapper.cfbundle; includeInIndex = 0; path = SharedTests.xctest; sourceTree = BUILT_PRODUCTS_DIR; };
		B796F9ED2948FFD700910A0A /* SharedTests.swift */ = {isa = PBXFileReference; lastKnownFileType = sourcecode.swift; path = SharedTests.swift; sourceTree = "<group>"; };
		B7A89939297F08C300050EDF /* RemoteConfigValues.swift */ = {isa = PBXFileReference; lastKnownFileType = sourcecode.swift; path = RemoteConfigValues.swift; sourceTree = "<group>"; };
		B7AA2DB82955D01C00E8F55A /* KeychainHelper.swift */ = {isa = PBXFileReference; lastKnownFileType = sourcecode.swift; path = KeychainHelper.swift; sourceTree = "<group>"; };
		D257CBEBA9E328338D059FEE /* Pods-Shared-SharedTests.debug.xcconfig */ = {isa = PBXFileReference; includeInIndex = 1; lastKnownFileType = text.xcconfig; name = "Pods-Shared-SharedTests.debug.xcconfig"; path = "Target Support Files/Pods-Shared-SharedTests/Pods-Shared-SharedTests.debug.xcconfig"; sourceTree = "<group>"; };
/* End PBXFileReference section */

/* Begin PBXFrameworksBuildPhase section */
		B796F9DD2948FFD600910A0A /* Frameworks */ = {
			isa = PBXFrameworksBuildPhase;
			buildActionMask = 2147483647;
			files = (
				B7EF647729B7A96700A372DF /* DesignSystem in Frameworks */,
				A333C2F4634A48F2B12D9E03 /* Pods_Shared.framework in Frameworks */,
				B74704A3297076C8002A4980 /* Lottie in Frameworks */,
			);
			runOnlyForDeploymentPostprocessing = 0;
		};
		B796F9E52948FFD700910A0A /* Frameworks */ = {
			isa = PBXFrameworksBuildPhase;
			buildActionMask = 2147483647;
			files = (
				B796F9E92948FFD700910A0A /* Shared.framework in Frameworks */,
				BF88A75865EDD2CC5AAB7FEA /* Pods_Shared_SharedTests.framework in Frameworks */,
			);
			runOnlyForDeploymentPostprocessing = 0;
		};
/* End PBXFrameworksBuildPhase section */

/* Begin PBXGroup section */
		64C66A6E64B0F70F9326B6A3 /* Pods */ = {
			isa = PBXGroup;
			children = (
				0797D296CDFA9C860013B089 /* Pods-Shared.debug.xcconfig */,
				28F8217F44CD1BB10F7D1121 /* Pods-Shared.release.xcconfig */,
				D257CBEBA9E328338D059FEE /* Pods-Shared-SharedTests.debug.xcconfig */,
				96C3B2BEEB58022115DF7F2A /* Pods-Shared-SharedTests.release.xcconfig */,
			);
			name = Pods;
			path = ../Pods;
			sourceTree = "<group>";
		};
		B73A2FDA29494D47002C08C9 /* Protocol */ = {
			isa = PBXGroup;
			children = (
				B73A2FDB29494D5D002C08C9 /* CoordinatorProtocol.swift */,
			);
			path = Protocol;
			sourceTree = "<group>";
		};
		B796F9D62948FFD600910A0A = {
			isa = PBXGroup;
			children = (
				B796F9E22948FFD600910A0A /* Shared */,
				B796F9EC2948FFD700910A0A /* SharedTests */,
				B796F9E12948FFD600910A0A /* Products */,
				64C66A6E64B0F70F9326B6A3 /* Pods */,
				F957C0BC4D7000627DC8EF53 /* Frameworks */,
			);
			sourceTree = "<group>";
		};
		B796F9E12948FFD600910A0A /* Products */ = {
			isa = PBXGroup;
			children = (
				B796F9E02948FFD600910A0A /* Shared.framework */,
				B796F9E82948FFD700910A0A /* SharedTests.xctest */,
			);
			name = Products;
			sourceTree = "<group>";
		};
		B796F9E22948FFD600910A0A /* Shared */ = {
			isa = PBXGroup;
			children = (
				B7AA2DB72955D00700E8F55A /* Persistence */,
				B73A2FDA29494D47002C08C9 /* Protocol */,
				B758ADB629552C3D0071EB22 /* Session.swift */,
			);
			path = Shared;
			sourceTree = "<group>";
		};
		B796F9EC2948FFD700910A0A /* SharedTests */ = {
			isa = PBXGroup;
			children = (
				B796F9ED2948FFD700910A0A /* SharedTests.swift */,
			);
			path = SharedTests;
			sourceTree = "<group>";
		};
		B7AA2DB72955D00700E8F55A /* Persistence */ = {
			isa = PBXGroup;
			children = (
				B7AA2DB82955D01C00E8F55A /* KeychainHelper.swift */,
				B7A89939297F08C300050EDF /* RemoteConfigValues.swift */,
			);
			path = Persistence;
			sourceTree = "<group>";
		};
		F957C0BC4D7000627DC8EF53 /* Frameworks */ = {
			isa = PBXGroup;
			children = (
				33FA939E6C62F71448AFC9D0 /* Pods_Shared.framework */,
				378776A0879C9CAB09DC1714 /* Pods_Shared_SharedTests.framework */,
			);
			name = Frameworks;
			sourceTree = "<group>";
		};
/* End PBXGroup section */

/* Begin PBXHeadersBuildPhase section */
		B796F9DB2948FFD600910A0A /* Headers */ = {
			isa = PBXHeadersBuildPhase;
			buildActionMask = 2147483647;
			files = (
			);
			runOnlyForDeploymentPostprocessing = 0;
		};
/* End PBXHeadersBuildPhase section */

/* Begin PBXNativeTarget section */
		B796F9DF2948FFD600910A0A /* Shared */ = {
			isa = PBXNativeTarget;
			buildConfigurationList = B796F9F22948FFD700910A0A /* Build configuration list for PBXNativeTarget "Shared" */;
			buildPhases = (
				A23DD17D11074999E29F0432 /* [CP] Check Pods Manifest.lock */,
				B796F9DB2948FFD600910A0A /* Headers */,
				B796F9DC2948FFD600910A0A /* Sources */,
				B796F9DD2948FFD600910A0A /* Frameworks */,
				B796F9DE2948FFD600910A0A /* Resources */,
			);
			buildRules = (
			);
			dependencies = (
			);
			name = Shared;
			packageProductDependencies = (
				B74704A2297076C8002A4980 /* Lottie */,
				B7EF647629B7A96700A372DF /* DesignSystem */,
			);
			productName = Shared;
			productReference = B796F9E02948FFD600910A0A /* Shared.framework */;
			productType = "com.apple.product-type.framework";
		};
		B796F9E72948FFD700910A0A /* SharedTests */ = {
			isa = PBXNativeTarget;
			buildConfigurationList = B796F9F52948FFD700910A0A /* Build configuration list for PBXNativeTarget "SharedTests" */;
			buildPhases = (
				54AC97AFBE44CB9B52A322AF /* [CP] Check Pods Manifest.lock */,
				B796F9E42948FFD700910A0A /* Sources */,
				B796F9E52948FFD700910A0A /* Frameworks */,
				B796F9E62948FFD700910A0A /* Resources */,
				9A469748BA00D5BBB3AE0230 /* [CP] Embed Pods Frameworks */,
			);
			buildRules = (
			);
			dependencies = (
				B796F9EB2948FFD700910A0A /* PBXTargetDependency */,
			);
			name = SharedTests;
			productName = SharedTests;
			productReference = B796F9E82948FFD700910A0A /* SharedTests.xctest */;
			productType = "com.apple.product-type.bundle.unit-test";
		};
/* End PBXNativeTarget section */

/* Begin PBXProject section */
		B796F9D72948FFD600910A0A /* Project object */ = {
			isa = PBXProject;
			attributes = {
				BuildIndependentTargetsInParallel = 1;
				LastSwiftUpdateCheck = 1400;
				LastUpgradeCheck = 1400;
				TargetAttributes = {
					B796F9DF2948FFD600910A0A = {
						CreatedOnToolsVersion = 14.0.1;
						LastSwiftMigration = 1400;
					};
					B796F9E72948FFD700910A0A = {
						CreatedOnToolsVersion = 14.0.1;
					};
				};
			};
			buildConfigurationList = B796F9DA2948FFD600910A0A /* Build configuration list for PBXProject "Shared" */;
			compatibilityVersion = "Xcode 14.0";
			developmentRegion = en;
			hasScannedForEncodings = 0;
			knownRegions = (
				en,
				Base,
			);
			mainGroup = B796F9D62948FFD600910A0A;
			packageReferences = (
				B74704A1297076C8002A4980 /* XCRemoteSwiftPackageReference "lottie-ios" */,
				B7EF647529B7A96700A372DF /* XCRemoteSwiftPackageReference "IOS-Design-System" */,
			);
			productRefGroup = B796F9E12948FFD600910A0A /* Products */;
			projectDirPath = "";
			projectRoot = "";
			targets = (
				B796F9DF2948FFD600910A0A /* Shared */,
				B796F9E72948FFD700910A0A /* SharedTests */,
			);
		};
/* End PBXProject section */

/* Begin PBXResourcesBuildPhase section */
		B796F9DE2948FFD600910A0A /* Resources */ = {
			isa = PBXResourcesBuildPhase;
			buildActionMask = 2147483647;
			files = (
			);
			runOnlyForDeploymentPostprocessing = 0;
		};
		B796F9E62948FFD700910A0A /* Resources */ = {
			isa = PBXResourcesBuildPhase;
			buildActionMask = 2147483647;
			files = (
			);
			runOnlyForDeploymentPostprocessing = 0;
		};
/* End PBXResourcesBuildPhase section */

/* Begin PBXShellScriptBuildPhase section */
		54AC97AFBE44CB9B52A322AF /* [CP] Check Pods Manifest.lock */ = {
			isa = PBXShellScriptBuildPhase;
			buildActionMask = 2147483647;
			files = (
			);
			inputFileListPaths = (
			);
			inputPaths = (
				"${PODS_PODFILE_DIR_PATH}/Podfile.lock",
				"${PODS_ROOT}/Manifest.lock",
			);
			name = "[CP] Check Pods Manifest.lock";
			outputFileListPaths = (
			);
			outputPaths = (
				"$(DERIVED_FILE_DIR)/Pods-Shared-SharedTests-checkManifestLockResult.txt",
			);
			runOnlyForDeploymentPostprocessing = 0;
			shellPath = /bin/sh;
			shellScript = "diff \"${PODS_PODFILE_DIR_PATH}/Podfile.lock\" \"${PODS_ROOT}/Manifest.lock\" > /dev/null\nif [ $? != 0 ] ; then\n    # print error to STDERR\n    echo \"error: The sandbox is not in sync with the Podfile.lock. Run 'pod install' or update your CocoaPods installation.\" >&2\n    exit 1\nfi\n# This output is used by Xcode 'outputs' to avoid re-running this script phase.\necho \"SUCCESS\" > \"${SCRIPT_OUTPUT_FILE_0}\"\n";
			showEnvVarsInLog = 0;
		};
		9A469748BA00D5BBB3AE0230 /* [CP] Embed Pods Frameworks */ = {
			isa = PBXShellScriptBuildPhase;
			buildActionMask = 2147483647;
			files = (
			);
			inputFileListPaths = (
				"${PODS_ROOT}/Target Support Files/Pods-Shared-SharedTests/Pods-Shared-SharedTests-frameworks-${CONFIGURATION}-input-files.xcfilelist",
			);
			name = "[CP] Embed Pods Frameworks";
			outputFileListPaths = (
				"${PODS_ROOT}/Target Support Files/Pods-Shared-SharedTests/Pods-Shared-SharedTests-frameworks-${CONFIGURATION}-output-files.xcfilelist",
			);
			runOnlyForDeploymentPostprocessing = 0;
			shellPath = /bin/sh;
			shellScript = "\"${PODS_ROOT}/Target Support Files/Pods-Shared-SharedTests/Pods-Shared-SharedTests-frameworks.sh\"\n";
			showEnvVarsInLog = 0;
		};
		A23DD17D11074999E29F0432 /* [CP] Check Pods Manifest.lock */ = {
			isa = PBXShellScriptBuildPhase;
			buildActionMask = 2147483647;
			files = (
			);
			inputFileListPaths = (
			);
			inputPaths = (
				"${PODS_PODFILE_DIR_PATH}/Podfile.lock",
				"${PODS_ROOT}/Manifest.lock",
			);
			name = "[CP] Check Pods Manifest.lock";
			outputFileListPaths = (
			);
			outputPaths = (
				"$(DERIVED_FILE_DIR)/Pods-Shared-checkManifestLockResult.txt",
			);
			runOnlyForDeploymentPostprocessing = 0;
			shellPath = /bin/sh;
			shellScript = "diff \"${PODS_PODFILE_DIR_PATH}/Podfile.lock\" \"${PODS_ROOT}/Manifest.lock\" > /dev/null\nif [ $? != 0 ] ; then\n    # print error to STDERR\n    echo \"error: The sandbox is not in sync with the Podfile.lock. Run 'pod install' or update your CocoaPods installation.\" >&2\n    exit 1\nfi\n# This output is used by Xcode 'outputs' to avoid re-running this script phase.\necho \"SUCCESS\" > \"${SCRIPT_OUTPUT_FILE_0}\"\n";
			showEnvVarsInLog = 0;
		};
/* End PBXShellScriptBuildPhase section */

/* Begin PBXSourcesBuildPhase section */
		B796F9DC2948FFD600910A0A /* Sources */ = {
			isa = PBXSourcesBuildPhase;
			buildActionMask = 2147483647;
			files = (
				B758ADB729552C3D0071EB22 /* Session.swift in Sources */,
				B7AA2DB92955D01C00E8F55A /* KeychainHelper.swift in Sources */,
				B7A8993A297F08C300050EDF /* RemoteConfigValues.swift in Sources */,
				B73A2FDC29494D5D002C08C9 /* CoordinatorProtocol.swift in Sources */,
			);
			runOnlyForDeploymentPostprocessing = 0;
		};
		B796F9E42948FFD700910A0A /* Sources */ = {
			isa = PBXSourcesBuildPhase;
			buildActionMask = 2147483647;
			files = (
				B796F9EE2948FFD700910A0A /* SharedTests.swift in Sources */,
			);
			runOnlyForDeploymentPostprocessing = 0;
		};
/* End PBXSourcesBuildPhase section */

/* Begin PBXTargetDependency section */
		B796F9EB2948FFD700910A0A /* PBXTargetDependency */ = {
			isa = PBXTargetDependency;
			target = B796F9DF2948FFD600910A0A /* Shared */;
			targetProxy = B796F9EA2948FFD700910A0A /* PBXContainerItemProxy */;
		};
/* End PBXTargetDependency section */

/* Begin XCBuildConfiguration section */
		B796F9F02948FFD700910A0A /* Debug */ = {
			isa = XCBuildConfiguration;
			buildSettings = {
				ALWAYS_SEARCH_USER_PATHS = NO;
				CLANG_ANALYZER_NONNULL = YES;
				CLANG_ANALYZER_NUMBER_OBJECT_CONVERSION = YES_AGGRESSIVE;
				CLANG_CXX_LANGUAGE_STANDARD = "gnu++20";
				CLANG_ENABLE_MODULES = YES;
				CLANG_ENABLE_OBJC_ARC = YES;
				CLANG_ENABLE_OBJC_WEAK = YES;
				CLANG_WARN_BLOCK_CAPTURE_AUTORELEASING = YES;
				CLANG_WARN_BOOL_CONVERSION = YES;
				CLANG_WARN_COMMA = YES;
				CLANG_WARN_CONSTANT_CONVERSION = YES;
				CLANG_WARN_DEPRECATED_OBJC_IMPLEMENTATIONS = YES;
				CLANG_WARN_DIRECT_OBJC_ISA_USAGE = YES_ERROR;
				CLANG_WARN_DOCUMENTATION_COMMENTS = YES;
				CLANG_WARN_EMPTY_BODY = YES;
				CLANG_WARN_ENUM_CONVERSION = YES;
				CLANG_WARN_INFINITE_RECURSION = YES;
				CLANG_WARN_INT_CONVERSION = YES;
				CLANG_WARN_NON_LITERAL_NULL_CONVERSION = YES;
				CLANG_WARN_OBJC_IMPLICIT_RETAIN_SELF = YES;
				CLANG_WARN_OBJC_LITERAL_CONVERSION = YES;
				CLANG_WARN_OBJC_ROOT_CLASS = YES_ERROR;
				CLANG_WARN_QUOTED_INCLUDE_IN_FRAMEWORK_HEADER = YES;
				CLANG_WARN_RANGE_LOOP_ANALYSIS = YES;
				CLANG_WARN_STRICT_PROTOTYPES = YES;
				CLANG_WARN_SUSPICIOUS_MOVE = YES;
				CLANG_WARN_UNGUARDED_AVAILABILITY = YES_AGGRESSIVE;
				CLANG_WARN_UNREACHABLE_CODE = YES;
				CLANG_WARN__DUPLICATE_METHOD_MATCH = YES;
				COPY_PHASE_STRIP = NO;
				CURRENT_PROJECT_VERSION = 1;
				DEBUG_INFORMATION_FORMAT = dwarf;
				ENABLE_PREVIEWS = YES;
				ENABLE_STRICT_OBJC_MSGSEND = YES;
				ENABLE_TESTABILITY = YES;
				GCC_C_LANGUAGE_STANDARD = gnu11;
				GCC_DYNAMIC_NO_PIC = NO;
				GCC_NO_COMMON_BLOCKS = YES;
				GCC_OPTIMIZATION_LEVEL = 0;
				GCC_PREPROCESSOR_DEFINITIONS = (
					"DEBUG=1",
					"$(inherited)",
				);
				GCC_WARN_64_TO_32_BIT_CONVERSION = YES;
				GCC_WARN_ABOUT_RETURN_TYPE = YES_ERROR;
				GCC_WARN_UNDECLARED_SELECTOR = YES;
				GCC_WARN_UNINITIALIZED_AUTOS = YES_AGGRESSIVE;
				GCC_WARN_UNUSED_FUNCTION = YES;
				GCC_WARN_UNUSED_VARIABLE = YES;
				IPHONEOS_DEPLOYMENT_TARGET = 13.0;
				MTL_ENABLE_DEBUG_INFO = INCLUDE_SOURCE;
				MTL_FAST_MATH = YES;
				ONLY_ACTIVE_ARCH = YES;
				SDKROOT = iphoneos;
				SWIFT_ACTIVE_COMPILATION_CONDITIONS = DEBUG;
				SWIFT_OPTIMIZATION_LEVEL = "-Onone";
				VERSIONING_SYSTEM = "apple-generic";
				VERSION_INFO_PREFIX = "";
			};
			name = Debug;
		};
		B796F9F12948FFD700910A0A /* Release */ = {
			isa = XCBuildConfiguration;
			buildSettings = {
				ALWAYS_SEARCH_USER_PATHS = NO;
				CLANG_ANALYZER_NONNULL = YES;
				CLANG_ANALYZER_NUMBER_OBJECT_CONVERSION = YES_AGGRESSIVE;
				CLANG_CXX_LANGUAGE_STANDARD = "gnu++20";
				CLANG_ENABLE_MODULES = YES;
				CLANG_ENABLE_OBJC_ARC = YES;
				CLANG_ENABLE_OBJC_WEAK = YES;
				CLANG_WARN_BLOCK_CAPTURE_AUTORELEASING = YES;
				CLANG_WARN_BOOL_CONVERSION = YES;
				CLANG_WARN_COMMA = YES;
				CLANG_WARN_CONSTANT_CONVERSION = YES;
				CLANG_WARN_DEPRECATED_OBJC_IMPLEMENTATIONS = YES;
				CLANG_WARN_DIRECT_OBJC_ISA_USAGE = YES_ERROR;
				CLANG_WARN_DOCUMENTATION_COMMENTS = YES;
				CLANG_WARN_EMPTY_BODY = YES;
				CLANG_WARN_ENUM_CONVERSION = YES;
				CLANG_WARN_INFINITE_RECURSION = YES;
				CLANG_WARN_INT_CONVERSION = YES;
				CLANG_WARN_NON_LITERAL_NULL_CONVERSION = YES;
				CLANG_WARN_OBJC_IMPLICIT_RETAIN_SELF = YES;
				CLANG_WARN_OBJC_LITERAL_CONVERSION = YES;
				CLANG_WARN_OBJC_ROOT_CLASS = YES_ERROR;
				CLANG_WARN_QUOTED_INCLUDE_IN_FRAMEWORK_HEADER = YES;
				CLANG_WARN_RANGE_LOOP_ANALYSIS = YES;
				CLANG_WARN_STRICT_PROTOTYPES = YES;
				CLANG_WARN_SUSPICIOUS_MOVE = YES;
				CLANG_WARN_UNGUARDED_AVAILABILITY = YES_AGGRESSIVE;
				CLANG_WARN_UNREACHABLE_CODE = YES;
				CLANG_WARN__DUPLICATE_METHOD_MATCH = YES;
				COPY_PHASE_STRIP = NO;
				CURRENT_PROJECT_VERSION = 1;
				DEBUG_INFORMATION_FORMAT = "dwarf-with-dsym";
				ENABLE_NS_ASSERTIONS = NO;
				ENABLE_PREVIEWS = YES;
				ENABLE_STRICT_OBJC_MSGSEND = YES;
				GCC_C_LANGUAGE_STANDARD = gnu11;
				GCC_NO_COMMON_BLOCKS = YES;
				GCC_WARN_64_TO_32_BIT_CONVERSION = YES;
				GCC_WARN_ABOUT_RETURN_TYPE = YES_ERROR;
				GCC_WARN_UNDECLARED_SELECTOR = YES;
				GCC_WARN_UNINITIALIZED_AUTOS = YES_AGGRESSIVE;
				GCC_WARN_UNUSED_FUNCTION = YES;
				GCC_WARN_UNUSED_VARIABLE = YES;
				IPHONEOS_DEPLOYMENT_TARGET = 13.0;
				MTL_ENABLE_DEBUG_INFO = NO;
				MTL_FAST_MATH = YES;
				SDKROOT = iphoneos;
				SWIFT_COMPILATION_MODE = wholemodule;
				SWIFT_OPTIMIZATION_LEVEL = "-O";
				VALIDATE_PRODUCT = YES;
				VERSIONING_SYSTEM = "apple-generic";
				VERSION_INFO_PREFIX = "";
			};
			name = Release;
		};
		B796F9F32948FFD700910A0A /* Debug */ = {
			isa = XCBuildConfiguration;
			baseConfigurationReference = 0797D296CDFA9C860013B089 /* Pods-Shared.debug.xcconfig */;
			buildSettings = {
				CLANG_ENABLE_MODULES = YES;
				CODE_SIGN_STYLE = Automatic;
				CURRENT_PROJECT_VERSION = 1;
				DEFINES_MODULE = YES;
				DEVELOPMENT_TEAM = RHBH6Q62PG;
				DYLIB_COMPATIBILITY_VERSION = 1;
				DYLIB_CURRENT_VERSION = 1;
				DYLIB_INSTALL_NAME_BASE = "@rpath";
				GENERATE_INFOPLIST_FILE = YES;
				INFOPLIST_KEY_NSHumanReadableCopyright = "";
				INSTALL_PATH = "$(LOCAL_LIBRARY_DIR)/Frameworks";
				IPHONEOS_DEPLOYMENT_TARGET = 13.0;
				LD_RUNPATH_SEARCH_PATHS = (
					"$(inherited)",
					"@executable_path/Frameworks",
					"@loader_path/Frameworks",
				);
				MARKETING_VERSION = 1.0;
				PRODUCT_BUNDLE_IDENTIFIER = gusta.Shared;
				PRODUCT_NAME = "$(TARGET_NAME:c99extidentifier)";
				SKIP_INSTALL = YES;
				SWIFT_EMIT_LOC_STRINGS = YES;
				SWIFT_OPTIMIZATION_LEVEL = "-Onone";
				SWIFT_VERSION = 5.0;
				TARGETED_DEVICE_FAMILY = "1,2";
			};
			name = Debug;
		};
		B796F9F42948FFD700910A0A /* Release */ = {
			isa = XCBuildConfiguration;
			baseConfigurationReference = 28F8217F44CD1BB10F7D1121 /* Pods-Shared.release.xcconfig */;
			buildSettings = {
				CLANG_ENABLE_MODULES = YES;
				CODE_SIGN_STYLE = Automatic;
				CURRENT_PROJECT_VERSION = 1;
				DEFINES_MODULE = YES;
				DEVELOPMENT_TEAM = RHBH6Q62PG;
				DYLIB_COMPATIBILITY_VERSION = 1;
				DYLIB_CURRENT_VERSION = 1;
				DYLIB_INSTALL_NAME_BASE = "@rpath";
				GENERATE_INFOPLIST_FILE = YES;
				INFOPLIST_KEY_NSHumanReadableCopyright = "";
				INSTALL_PATH = "$(LOCAL_LIBRARY_DIR)/Frameworks";
				IPHONEOS_DEPLOYMENT_TARGET = 13.0;
				LD_RUNPATH_SEARCH_PATHS = (
					"$(inherited)",
					"@executable_path/Frameworks",
					"@loader_path/Frameworks",
				);
				MARKETING_VERSION = 1.0;
				PRODUCT_BUNDLE_IDENTIFIER = gusta.Shared;
				PRODUCT_NAME = "$(TARGET_NAME:c99extidentifier)";
				SKIP_INSTALL = YES;
				SWIFT_EMIT_LOC_STRINGS = YES;
				SWIFT_VERSION = 5.0;
				TARGETED_DEVICE_FAMILY = "1,2";
			};
			name = Release;
		};
		B796F9F62948FFD700910A0A /* Debug */ = {
			isa = XCBuildConfiguration;
			baseConfigurationReference = D257CBEBA9E328338D059FEE /* Pods-Shared-SharedTests.debug.xcconfig */;
			buildSettings = {
				ALWAYS_EMBED_SWIFT_STANDARD_LIBRARIES = YES;
				CODE_SIGN_STYLE = Automatic;
				CURRENT_PROJECT_VERSION = 1;
				DEVELOPMENT_TEAM = RHBH6Q62PG;
				GENERATE_INFOPLIST_FILE = YES;
				MARKETING_VERSION = 1.0;
				PRODUCT_BUNDLE_IDENTIFIER = gusta.SharedTests;
				PRODUCT_NAME = "$(TARGET_NAME)";
				SWIFT_EMIT_LOC_STRINGS = NO;
				SWIFT_VERSION = 5.0;
				TARGETED_DEVICE_FAMILY = "1,2";
			};
			name = Debug;
		};
		B796F9F72948FFD700910A0A /* Release */ = {
			isa = XCBuildConfiguration;
			baseConfigurationReference = 96C3B2BEEB58022115DF7F2A /* Pods-Shared-SharedTests.release.xcconfig */;
			buildSettings = {
				ALWAYS_EMBED_SWIFT_STANDARD_LIBRARIES = YES;
				CODE_SIGN_STYLE = Automatic;
				CURRENT_PROJECT_VERSION = 1;
				DEVELOPMENT_TEAM = RHBH6Q62PG;
				GENERATE_INFOPLIST_FILE = YES;
				MARKETING_VERSION = 1.0;
				PRODUCT_BUNDLE_IDENTIFIER = gusta.SharedTests;
				PRODUCT_NAME = "$(TARGET_NAME)";
				SWIFT_EMIT_LOC_STRINGS = NO;
				SWIFT_VERSION = 5.0;
				TARGETED_DEVICE_FAMILY = "1,2";
			};
			name = Release;
		};
/* End XCBuildConfiguration section */

/* Begin XCConfigurationList section */
		B796F9DA2948FFD600910A0A /* Build configuration list for PBXProject "Shared" */ = {
			isa = XCConfigurationList;
			buildConfigurations = (
				B796F9F02948FFD700910A0A /* Debug */,
				B796F9F12948FFD700910A0A /* Release */,
			);
			defaultConfigurationIsVisible = 0;
			defaultConfigurationName = Release;
		};
		B796F9F22948FFD700910A0A /* Build configuration list for PBXNativeTarget "Shared" */ = {
			isa = XCConfigurationList;
			buildConfigurations = (
				B796F9F32948FFD700910A0A /* Debug */,
				B796F9F42948FFD700910A0A /* Release */,
			);
			defaultConfigurationIsVisible = 0;
			defaultConfigurationName = Release;
		};
		B796F9F52948FFD700910A0A /* Build configuration list for PBXNativeTarget "SharedTests" */ = {
			isa = XCConfigurationList;
			buildConfigurations = (
				B796F9F62948FFD700910A0A /* Debug */,
				B796F9F72948FFD700910A0A /* Release */,
			);
			defaultConfigurationIsVisible = 0;
			defaultConfigurationName = Release;
		};
/* End XCConfigurationList section */

/* Begin XCRemoteSwiftPackageReference section */
		B74704A1297076C8002A4980 /* XCRemoteSwiftPackageReference "lottie-ios" */ = {
			isa = XCRemoteSwiftPackageReference;
			repositoryURL = "https://github.com/airbnb/lottie-ios.git";
			requirement = {
				kind = upToNextMajorVersion;
				minimumVersion = 4.0.0;
			};
		};
		B7EF647529B7A96700A372DF /* XCRemoteSwiftPackageReference "IOS-Design-System" */ = {
			isa = XCRemoteSwiftPackageReference;
			repositoryURL = "https://github.com/gu7araujo/IOS-Design-System";
			requirement = {
				branch = main;
				kind = branch;
			};
		};
/* End XCRemoteSwiftPackageReference section */

/* Begin XCSwiftPackageProductDependency section */
		B74704A2297076C8002A4980 /* Lottie */ = {
			isa = XCSwiftPackageProductDependency;
			package = B74704A1297076C8002A4980 /* XCRemoteSwiftPackageReference "lottie-ios" */;
			productName = Lottie;
		};
		B7EF647629B7A96700A372DF /* DesignSystem */ = {
			isa = XCSwiftPackageProductDependency;
			package = B7EF647529B7A96700A372DF /* XCRemoteSwiftPackageReference "IOS-Design-System" */;
			productName = DesignSystem;
		};
/* End XCSwiftPackageProductDependency section */
	};
	rootObject = B796F9D72948FFD600910A0A /* Project object */;
}
